{
  "name": "pouchdb-adapter-asyncstorage",
  "version": "6.4.1",
  "lockfileVersion": 1,
  "requires": true,
  "dependencies": {
    "argsarray": {
      "version": "0.0.1",
      "resolved": "https://registry.npmjs.org/argsarray/-/argsarray-0.0.1.tgz",
      "integrity": "sha1-bnIHtOzbObCviDA/pa4ivajfYcs="
    },
    "atob": {
      "version": "2.1.1",
      "resolved": "https://registry.npmjs.org/atob/-/atob-2.1.1.tgz",
      "integrity": "sha1-ri1acpR38onWDdf5amMUoi3Wwio="
    },
    "base64-js": {
      "version": "1.3.0",
      "resolved": "https://registry.npmjs.org/base64-js/-/base64-js-1.3.0.tgz",
      "integrity": "sha512-ccav/yGvoa80BQDljCxsmmQ3Xvx60/UpBIij5QN21W3wBi/hhIC9OoO+KLpu9IJTS9j4DRVJ3aDDF9cMSoa2lw=="
    },
    "blob-polyfill": {
      "version": "3.0.20180112",
      "resolved": "https://registry.npmjs.org/blob-polyfill/-/blob-polyfill-3.0.20180112.tgz",
      "integrity": "sha512-DX/47MXO+hNuEhuZRW9/yykNoCe7E/ywcPKtPVqGPRwLlowN811xi/3yVMQkE2fhTGHfrH8O9BMuhM7IdcRyew=="
    },
    "btoa": {
      "version": "1.2.1",
      "resolved": "https://registry.npmjs.org/btoa/-/btoa-1.2.1.tgz",
      "integrity": "sha512-SB4/MIGlsiVkMcHmT+pSmIPoNDoHg+7cMzmt3Uxt628MTz2487DKSqK/fuhFBrkuqrYv5UCEnACpF4dTFNKc/g=="
    },
    "buffer": {
      "version": "5.2.0",
      "resolved": "https://registry.npmjs.org/buffer/-/buffer-5.2.0.tgz",
      "integrity": "sha512-nUJyfChH7PMJy75eRDCCKtszSEFokUNXC1hNVSe+o+VdcgvDPLs20k3v8UXI8ruRYAJiYtyRea8mYyqPxoHWDw==",
      "requires": {
        "base64-js": "^1.0.2",
        "ieee754": "^1.1.4"
      }
    },
    "buffer-from": {
      "version": "1.1.0",
      "resolved": "https://registry.npmjs.org/buffer-from/-/buffer-from-1.1.0.tgz",
      "integrity": "sha512-c5mRlguI/Pe2dSZmpER62rSCu0ryKmWddzRYsuXc50U2/g8jMOulc31VZMa4mYx31U5xsmSOpDCgH88Vl9cDGQ=="
    },
    "clone-buffer": {
      "version": "1.0.0",
      "resolved": "https://registry.npmjs.org/clone-buffer/-/clone-buffer-1.0.0.tgz",
      "integrity": "sha1-4+JbIHrE5wGvch4staFnksrD3Fg="
    },
    "events": {
      "version": "3.0.0",
      "resolved": "https://registry.npmjs.org/events/-/events-3.0.0.tgz",
      "integrity": "sha512-Dc381HFWJzEOhQ+d8pkNon++bk9h6cdAoAj4iE6Q4y6xgTzySWXlKn05/TVNpjnfRqi/X0EpJEJohPjNI3zpVA=="
    },
    "ieee754": {
      "version": "1.1.12",
      "resolved": "https://registry.npmjs.org/ieee754/-/ieee754-1.1.12.tgz",
      "integrity": "sha512-GguP+DRY+pJ3soyIiGPTvdiVXjZ+DbXOxGpXn3eMvNW4x4irjqXm4wHKscC+TfxSJ0yw/S1F24tqdMNsMZTiLA=="
    },
    "immediate": {
      "version": "3.0.6",
      "resolved": "https://registry.npmjs.org/immediate/-/immediate-3.0.6.tgz",
      "integrity": "sha1-nbHb0Pr43m++D13V5Wu2BigN5ps="
    },
    "inherits": {
      "version": "2.0.3",
      "resolved": "https://registry.npmjs.org/inherits/-/inherits-2.0.3.tgz",
      "integrity": "sha1-Yzwsg+PaQqUC9SRmAiSA9CCCYd4="
    },
    "left-pad": {
      "version": "1.3.0",
      "resolved": "https://registry.npmjs.org/left-pad/-/left-pad-1.3.0.tgz",
      "integrity": "sha512-XI5MPzVNApjAyhQzphX8BkmKsKUxD4LdyK24iZeQGinBN9yTQT3bFlCBy/aVx2HrNcqQGsdot8ghrjyrvMCoEA=="
    },
    "pouchdb-adapter-utils": {
      "version": "7.0.0",
      "resolved": "https://registry.npmjs.org/pouchdb-adapter-utils/-/pouchdb-adapter-utils-7.0.0.tgz",
      "integrity": "sha512-UWKPC6jkz6mHUzZefrU7P5X8ZGvBC8LSNZ7BIp0hWvJE6c20cnpDwedTVDpZORcCbVJpDmFOHBYnOqEIblPtbA==",
      "requires": {
        "pouchdb-binary-utils": "7.0.0",
        "pouchdb-collections": "7.0.0",
        "pouchdb-errors": "7.0.0",
        "pouchdb-md5": "7.0.0",
        "pouchdb-merge": "7.0.0",
        "pouchdb-utils": "7.0.0"
      },
      "dependencies": {
        "buffer-from": {
          "version": "1.1.0",
          "resolved": "https://registry.npmjs.org/buffer-from/-/buffer-from-1.1.0.tgz",
          "integrity": "sha512-c5mRlguI/Pe2dSZmpER62rSCu0ryKmWddzRYsuXc50U2/g8jMOulc31VZMa4mYx31U5xsmSOpDCgH88Vl9cDGQ=="
        },
        "pouchdb-binary-utils": {
          "version": "7.0.0",
          "resolved": "https://registry.npmjs.org/pouchdb-binary-utils/-/pouchdb-binary-utils-7.0.0.tgz",
          "integrity": "sha512-yUktdOPIPvOVouCjJN3uop+bCcpdPwePrLm9eUAZNgEYnUFu0njdx7Q0WRsZ7UJ6l75HinL5ZHk4bnvEt86FLw==",
          "requires": {
            "buffer-from": "1.1.0"
          }
        },
        "pouchdb-collections": {
          "version": "7.0.0",
          "resolved": "https://registry.npmjs.org/pouchdb-collections/-/pouchdb-collections-7.0.0.tgz",
          "integrity": "sha512-DaoUr/vU24Q3gM6ghj0va9j/oBanPwkbhkvnqSyC3Dm5dgf5pculNxueLF9PKMo3ycApoWzHMh6N2N8KJbDU2Q=="
        },
        "pouchdb-errors": {
          "version": "7.0.0",
          "resolved": "https://registry.npmjs.org/pouchdb-errors/-/pouchdb-errors-7.0.0.tgz",
          "integrity": "sha512-dTusY8nnTw4HIztCrNl7AoGgwvS1bVf/3/97hDaGc4ytn72V9/4dK8kTqlimi3UpaurohYRnqac0SGXYP8vgXA==",
          "requires": {
            "inherits": "2.0.3"
          }
        },
        "pouchdb-merge": {
          "version": "7.0.0",
          "resolved": "https://registry.npmjs.org/pouchdb-merge/-/pouchdb-merge-7.0.0.tgz",
          "integrity": "sha512-tci5u6NpznQhGcPv4ho1h0miky9rs+ds/T9zQ9meQeDZbUojXNaX1Jxsb0uYEQQ+HMqdcQs3Akdl0/u0mgwPGg=="
        },
        "pouchdb-utils": {
          "version": "7.0.0",
          "resolved": "https://registry.npmjs.org/pouchdb-utils/-/pouchdb-utils-7.0.0.tgz",
          "integrity": "sha512-1bnoX1KdZYHv9wicDIFdO0PLiVIMzNDUBUZ/yOJZ+6LW6niQCB8aCv09ZztmKfSQcU5nnN3fe656tScBgP6dOQ==",
          "requires": {
            "argsarray": "0.0.1",
            "clone-buffer": "1.0.0",
            "immediate": "3.0.6",
            "inherits": "2.0.3",
            "pouchdb-collections": "7.0.0",
            "pouchdb-errors": "7.0.0",
            "pouchdb-md5": "7.0.0",
            "uuid": "3.2.1"
          }
        }
      }
    },
    "pouchdb-binary-utils": {
      "version": "7.0.0",
      "resolved": "https://registry.npmjs.org/pouchdb-binary-utils/-/pouchdb-binary-utils-7.0.0.tgz",
      "integrity": "sha512-yUktdOPIPvOVouCjJN3uop+bCcpdPwePrLm9eUAZNgEYnUFu0njdx7Q0WRsZ7UJ6l75HinL5ZHk4bnvEt86FLw==",
      "requires": {
        "buffer-from": "1.1.0"
      }
    },
    "pouchdb-collections": {
      "version": "7.0.0",
      "resolved": "https://registry.npmjs.org/pouchdb-collections/-/pouchdb-collections-7.0.0.tgz",
      "integrity": "sha512-DaoUr/vU24Q3gM6ghj0va9j/oBanPwkbhkvnqSyC3Dm5dgf5pculNxueLF9PKMo3ycApoWzHMh6N2N8KJbDU2Q=="
    },
    "pouchdb-errors": {
      "version": "7.0.0",
      "resolved": "https://registry.npmjs.org/pouchdb-errors/-/pouchdb-errors-7.0.0.tgz",
      "integrity": "sha512-dTusY8nnTw4HIztCrNl7AoGgwvS1bVf/3/97hDaGc4ytn72V9/4dK8kTqlimi3UpaurohYRnqac0SGXYP8vgXA==",
      "requires": {
        "inherits": "2.0.3"
      }
    },
    "pouchdb-json": {
      "version": "7.0.0",
      "resolved": "https://registry.npmjs.org/pouchdb-json/-/pouchdb-json-7.0.0.tgz",
      "integrity": "sha512-w0bNRu/7VmmCrFWMYAm62n30wvJJUT2SokyzeTyj3hRohj4GFwTRg1mSZ+iAmxgRKOFE8nzZstLG/WAB4Ymjew==",
      "requires": {
        "vuvuzela": "1.0.3"
      }
    },
    "pouchdb-md5": {
      "version": "7.0.0",
      "resolved": "https://registry.npmjs.org/pouchdb-md5/-/pouchdb-md5-7.0.0.tgz",
      "integrity": "sha512-yaSJKhLA3QlgloKUQeb2hLdT3KmUmPfoYdryfwHZuPTpXIRKTnMQTR9qCIRUszc0ruBpDe53DRslCgNUhAyTNQ==",
      "requires": {
        "pouchdb-binary-utils": "7.0.0",
        "spark-md5": "3.0.0"
      },
      "dependencies": {
        "buffer-from": {
          "version": "1.1.0",
          "resolved": "https://registry.npmjs.org/buffer-from/-/buffer-from-1.1.0.tgz",
          "integrity": "sha512-c5mRlguI/Pe2dSZmpER62rSCu0ryKmWddzRYsuXc50U2/g8jMOulc31VZMa4mYx31U5xsmSOpDCgH88Vl9cDGQ=="
        },
        "pouchdb-binary-utils": {
          "version": "7.0.0",
          "resolved": "https://registry.npmjs.org/pouchdb-binary-utils/-/pouchdb-binary-utils-7.0.0.tgz",
          "integrity": "sha512-yUktdOPIPvOVouCjJN3uop+bCcpdPwePrLm9eUAZNgEYnUFu0njdx7Q0WRsZ7UJ6l75HinL5ZHk4bnvEt86FLw==",
          "requires": {
            "buffer-from": "1.1.0"
          }
        }
      }
    },
    "pouchdb-merge": {
      "version": "7.0.0",
      "resolved": "https://registry.npmjs.org/pouchdb-merge/-/pouchdb-merge-7.0.0.tgz",
      "integrity": "sha512-tci5u6NpznQhGcPv4ho1h0miky9rs+ds/T9zQ9meQeDZbUojXNaX1Jxsb0uYEQQ+HMqdcQs3Akdl0/u0mgwPGg=="
    },
    "pouchdb-utils": {
      "version": "7.0.0",
      "resolved": "https://registry.npmjs.org/pouchdb-utils/-/pouchdb-utils-7.0.0.tgz",
      "integrity": "sha512-1bnoX1KdZYHv9wicDIFdO0PLiVIMzNDUBUZ/yOJZ+6LW6niQCB8aCv09ZztmKfSQcU5nnN3fe656tScBgP6dOQ==",
      "requires": {
        "argsarray": "0.0.1",
        "clone-buffer": "1.0.0",
        "immediate": "3.0.6",
        "inherits": "2.0.3",
        "pouchdb-collections": "7.0.0",
        "pouchdb-errors": "7.0.0",
        "pouchdb-md5": "7.0.0",
        "uuid": "3.2.1"
      }
    },
    "spark-md5": {
      "version": "3.0.0",
      "resolved": "https://registry.npmjs.org/spark-md5/-/spark-md5-3.0.0.tgz",
      "integrity": "sha1-NyIifFTi+vJLHcbZM8wUTm9xv+8="
    },
    "uuid": {
      "version": "3.2.1",
      "resolved": "https://registry.npmjs.org/uuid/-/uuid-3.2.1.tgz",
      "integrity": "sha512-jZnMwlb9Iku/O3smGWvZhauCf6cvvpKi4BKRiliS3cxnI+Gz9j5MEpTz2UFuXiKPJocb7gnsLHwiS05ige5BEA=="
    },
    "vuvuzela": {
      "version": "1.0.3",
      "resolved": "https://registry.npmjs.org/vuvuzela/-/vuvuzela-1.0.3.tgz",
      "integrity": "sha1-O+FF5YJxxzylUnndhR8SpoIRSws="
    }
  }
}
