{
  "name": "pouchdb-adapter-asyncstorage",
  "version": "6.3.4",
  "lockfileVersion": 1,
  "requires": true,
  "dependencies": {
    "argsarray": {
      "version": "0.0.1",
      "resolved": "https://registry.npmjs.org/argsarray/-/argsarray-0.0.1.tgz",
      "integrity": "sha1-bnIHtOzbObCviDA/pa4ivajfYcs="
    },
    "atob": {
      "version": "2.0.3",
      "resolved": "https://registry.npmjs.org/atob/-/atob-2.0.3.tgz",
      "integrity": "sha1-GcenYEc3dEaPILLS0DNyrX1Mv10="
    },
    "base64-js": {
      "version": "1.2.1",
      "resolved": "https://registry.npmjs.org/base64-js/-/base64-js-1.2.1.tgz",
      "integrity": "sha512-dwVUVIXsBZXwTuwnXI9RK8sBmgq09NDHzyR9SAph9eqk76gKK2JSQmZARC2zRC81JC2QTtxD0ARU5qTS25gIGw=="
    },
    "blob-polyfill": {
      "version": "1.0.20150320",
      "resolved": "https://registry.npmjs.org/blob-polyfill/-/blob-polyfill-1.0.20150320.tgz",
      "integrity": "sha1-A2kt1oIFae8lqHYy+mGclR1XSNo="
    },
    "btoa": {
      "version": "1.1.2",
      "resolved": "https://registry.npmjs.org/btoa/-/btoa-1.1.2.tgz",
      "integrity": "sha1-PkC4FmP4HS3WWWpMtxSo3BbPq+A="
    },
    "buffer": {
      "version": "5.0.7",
      "resolved": "https://registry.npmjs.org/buffer/-/buffer-5.0.7.tgz",
      "integrity": "sha512-NeeHXWh5pCbPQCt2/6rLvXqapZfVsqw/YgRgaHpT3H9Uzgs+S0lSg5SQzouIuDvcmlQRqBe8hOO2scKCu3cxrg==",
      "requires": {
        "base64-js": "1.2.1",
        "ieee754": "1.1.8"
      }
    },
    "buffer-from": {
      "version": "0.1.1",
      "resolved": "https://registry.npmjs.org/buffer-from/-/buffer-from-0.1.1.tgz",
      "integrity": "sha1-V7GLHaChnsBvM4N6UnWiQjUb114=",
      "requires": {
        "is-array-buffer-x": "1.3.0"
      }
    },
    "clone-buffer": {
      "version": "1.0.0",
      "resolved": "https://registry.npmjs.org/clone-buffer/-/clone-buffer-1.0.0.tgz",
      "integrity": "sha1-4+JbIHrE5wGvch4staFnksrD3Fg="
    },
    "events": {
      "version": "1.1.1",
      "resolved": "https://registry.npmjs.org/events/-/events-1.1.1.tgz",
      "integrity": "sha1-nr23Y1rQmccNzEwqH1AEKI6L2SQ="
    },
    "has-symbol-support-x": {
      "version": "1.4.0",
      "resolved": "https://registry.npmjs.org/has-symbol-support-x/-/has-symbol-support-x-1.4.0.tgz",
      "integrity": "sha512-F1NtLDtW9NyUrS3faUcI1yVFHCTXyzPb1jfrZBQi5NHxFPlXxZnFLFGzfA2DsdmgCxv2MZ0+bfcgC4EZTmk4SQ=="
    },
    "has-to-string-tag-x": {
      "version": "1.4.0",
      "resolved": "https://registry.npmjs.org/has-to-string-tag-x/-/has-to-string-tag-x-1.4.0.tgz",
      "integrity": "sha512-R3OdOP9j6AH5hS1yXeu9wAS+iKSZQx/CC6aMdN6WiaqPlBoA2S+47MtoMsZgKr2m0eAJ+73WWGX0RaFFE5XWKA==",
      "requires": {
        "has-symbol-support-x": "1.4.0"
      }
    },
    "ieee754": {
      "version": "1.1.8",
      "resolved": "https://registry.npmjs.org/ieee754/-/ieee754-1.1.8.tgz",
      "integrity": "sha1-vjPUCsEO8ZJnAfbwii2G+/0a0+Q="
    },
    "immediate": {
      "version": "3.0.6",
      "resolved": "https://registry.npmjs.org/immediate/-/immediate-3.0.6.tgz",
      "integrity": "sha1-nbHb0Pr43m++D13V5Wu2BigN5ps="
    },
    "inherits": {
      "version": "2.0.3",
      "resolved": "https://registry.npmjs.org/inherits/-/inherits-2.0.3.tgz",
      "integrity": "sha1-Yzwsg+PaQqUC9SRmAiSA9CCCYd4="
    },
    "is-array-buffer-x": {
      "version": "1.3.0",
      "resolved": "https://registry.npmjs.org/is-array-buffer-x/-/is-array-buffer-x-1.3.0.tgz",
      "integrity": "sha512-whzwpofpDnd+7xMeELyPoBzqYqLtP1mnx66y/3PtsJJ5OzC+z79zr+9ItoEH+BJWm4SaXNR0CIdiUGIMUqXpvw==",
      "requires": {
        "has-to-string-tag-x": "1.4.0",
        "is-object-like-x": "1.5.0",
        "to-string-tag-x": "1.4.0"
      }
    },
    "is-function-x": {
      "version": "3.1.0",
      "resolved": "https://registry.npmjs.org/is-function-x/-/is-function-x-3.1.0.tgz",
      "integrity": "sha512-QYIql/y+5SRlQyMCO93R+Gq3mPXkSy49MxsEuSu1DCoEx3UUuw+kbsPn7tGf1oStPchZBAqe20/xfqS1wZGSlQ==",
      "requires": {
        "has-to-string-tag-x": "1.4.0",
        "is-primitive": "2.0.0",
        "normalize-space-x": "1.3.2",
        "replace-comments-x": "1.0.1",
        "to-string-tag-x": "1.4.0"
      }
    },
    "is-object-like-x": {
      "version": "1.5.0",
      "resolved": "https://registry.npmjs.org/is-object-like-x/-/is-object-like-x-1.5.0.tgz",
      "integrity": "sha512-8nt2Uf/75/JWi0zL4cSesOkCKW/rcFtNiYi5776ny/LJCchPqheKnx/328MPUaN3uYzkSZKNjo7zbTGMpBfthw==",
      "requires": {
        "is-function-x": "3.1.0",
        "is-primitive": "2.0.0"
      }
    },
    "is-primitive": {
      "version": "2.0.0",
      "resolved": "https://registry.npmjs.org/is-primitive/-/is-primitive-2.0.0.tgz",
      "integrity": "sha1-IHurkWOEmcB7Kt8kCkGochADRXU="
    },
    "is-string": {
      "version": "1.0.4",
      "resolved": "https://registry.npmjs.org/is-string/-/is-string-1.0.4.tgz",
      "integrity": "sha1-zDqbaYV9Yh6WNyWiTK7shzuCbmQ="
    },
    "is-symbol": {
      "version": "1.0.1",
      "resolved": "https://registry.npmjs.org/is-symbol/-/is-symbol-1.0.1.tgz",
      "integrity": "sha1-PMWfAAJRlLarLjjbrmaJJWtmBXI="
    },
    "left-pad": {
      "version": "1.1.3",
      "resolved": "https://registry.npmjs.org/left-pad/-/left-pad-1.1.3.tgz",
      "integrity": "sha1-YS9hwDPzqeCOk58crr7qQbbzGZo="
    },
    "lie": {
      "version": "3.1.1",
      "resolved": "https://registry.npmjs.org/lie/-/lie-3.1.1.tgz",
      "integrity": "sha1-mkNrLMd0bKWd56QfpGmz77dr2H4=",
      "requires": {
        "immediate": "3.0.6"
      }
    },
    "lodash.isnull": {
      "version": "3.0.0",
      "resolved": "https://registry.npmjs.org/lodash.isnull/-/lodash.isnull-3.0.0.tgz",
      "integrity": "sha1-+vvlnqHcon7teGU0A53YTC4HxW4="
    },
    "normalize-space-x": {
      "version": "1.3.2",
      "resolved": "https://registry.npmjs.org/normalize-space-x/-/normalize-space-x-1.3.2.tgz",
      "integrity": "sha512-90FkeM1xmKZ47Kl0JY5PhTQCSfxxxPwqQyv744KRyoHi4Ulp9g9uWoygJR/Rdv1oklABuFnwgej1Y+fb+2pQjA==",
      "requires": {
        "trim-x": "1.0.2",
        "white-space-x": "2.0.2"
      }
    },
    "pouchdb-adapter-utils": {
      "version": "6.3.4",
      "resolved": "https://registry.npmjs.org/pouchdb-adapter-utils/-/pouchdb-adapter-utils-6.3.4.tgz",
      "integrity": "sha512-YXGpAKsHXl6A4HV+HMUJg7/ebM+ZtiGgQBSgUGuX5HETOaoczEP9yawLpiheAeQ727EeNM9MtVvCPeFFZAmqBA==",
      "requires": {
        "pouchdb-binary-utils": "6.3.4",
        "pouchdb-collections": "6.3.4",
        "pouchdb-errors": "6.3.4",
        "pouchdb-md5": "6.3.4",
        "pouchdb-merge": "6.3.4",
        "pouchdb-utils": "6.3.4"
      }
    },
    "pouchdb-binary-utils": {
      "version": "6.3.4",
      "resolved": "https://registry.npmjs.org/pouchdb-binary-utils/-/pouchdb-binary-utils-6.3.4.tgz",
      "integrity": "sha512-sjQwbtbg4yb6FOF1LJbdXlOVb2q7VImxxX2+8qsyrRyOzk9AdahTx/Ui4CVBPJO3w5M9HA52X0ou8eCsjtjEcg==",
      "requires": {
        "buffer-from": "0.1.1"
      }
    },
    "pouchdb-collections": {
      "version": "6.3.4",
      "resolved": "https://registry.npmjs.org/pouchdb-collections/-/pouchdb-collections-6.3.4.tgz",
      "integrity": "sha512-F+o2SGRO5FZwoURVVcuj1hd94YN9DVr8sD/kg2pXhf2m/nJ2GfMiR4l88h9bh2VYb8BDNU3OQj6gXebzfxSwjA=="
    },
    "pouchdb-errors": {
      "version": "6.3.4",
      "resolved": "https://registry.npmjs.org/pouchdb-errors/-/pouchdb-errors-6.3.4.tgz",
      "integrity": "sha512-w96XRbS6hSFmCt+YmoUA2s6TsP8aUTteZ9BZ/Jjkcv5EdSlHwTKpmaBG5WG3givjCSmfP7+ZMCSDEop2PPcdqg==",
      "requires": {
        "inherits": "2.0.3"
      }
    },
    "pouchdb-json": {
      "version": "6.3.4",
      "resolved": "https://registry.npmjs.org/pouchdb-json/-/pouchdb-json-6.3.4.tgz",
      "integrity": "sha512-Aqa3rYkbjKYPJO8ZJvdOBUkR8Y65JQKB7+O0krIk79jGOST1rx4phFQWnKRIKEqaHPcunFCf+Esy1qWANQaRsw==",
      "requires": {
        "vuvuzela": "1.0.3"
      }
    },
    "pouchdb-md5": {
      "version": "6.3.4",
      "resolved": "https://registry.npmjs.org/pouchdb-md5/-/pouchdb-md5-6.3.4.tgz",
      "integrity": "sha512-rd162ZigLEJZ6OotY6EJsM/hbWPTE5Dhr4WHTOJekv59n4Sp0/3Fq/MB5XFFfM6lZFrvuvd9Q6yzHwk4edemLw==",
      "requires": {
        "pouchdb-binary-utils": "6.3.4",
        "spark-md5": "3.0.0"
      }
    },
    "pouchdb-merge": {
      "version": "6.3.4",
      "resolved": "https://registry.npmjs.org/pouchdb-merge/-/pouchdb-merge-6.3.4.tgz",
      "integrity": "sha512-leejoseJNegA/hrEgEs3PeWAX800qM4+MuKYk24Jc2szY3VywinOzHMTv4sPeItRgAC6+9YG8CelC8F58525Jg=="
    },
    "pouchdb-promise": {
      "version": "6.3.4",
      "resolved": "https://registry.npmjs.org/pouchdb-promise/-/pouchdb-promise-6.3.4.tgz",
      "integrity": "sha512-9kgpKXWFuFYJmhP7pjZvPhK9Lof8ipFVIoaZrFQN8HMep9/IdmhyXMUlISHkaNt3l0yWzW8bWYPg3OMocImvHA==",
      "requires": {
        "lie": "3.1.1"
      }
    },
    "pouchdb-utils": {
      "version": "6.3.4",
      "resolved": "https://registry.npmjs.org/pouchdb-utils/-/pouchdb-utils-6.3.4.tgz",
      "integrity": "sha512-63mnIL7MX3ciyW1zWRl8OOUHZqRjeB1bC9kbFE+56F3U9T5OHMgkDcTukHRKXSfSnHPXoS+QujU3ups0SYsKIw==",
      "requires": {
        "argsarray": "0.0.1",
        "clone-buffer": "1.0.0",
        "immediate": "3.0.6",
        "inherits": "2.0.3",
        "pouchdb-collections": "6.3.4",
        "pouchdb-errors": "6.3.4",
        "pouchdb-promise": "6.3.4",
        "uuid": "3.1.0"
      }
    },
    "replace-comments-x": {
      "version": "1.0.1",
      "resolved": "https://registry.npmjs.org/replace-comments-x/-/replace-comments-x-1.0.1.tgz",
      "integrity": "sha512-FZLlrcoYb3Cb8bzPxiUTaMR7lm7ZTuUTovb6bHL+aMf41HnGgyRL+oABQ6KKoZo1JBt2UXZs5t2MI06ei2KupA==",
      "requires": {
        "is-string": "1.0.4"
      }
    },
    "spark-md5": {
      "version": "3.0.0",
      "resolved": "https://registry.npmjs.org/spark-md5/-/spark-md5-3.0.0.tgz",
      "integrity": "sha1-NyIifFTi+vJLHcbZM8wUTm9xv+8="
    },
    "to-string-tag-x": {
      "version": "1.4.0",
      "resolved": "https://registry.npmjs.org/to-string-tag-x/-/to-string-tag-x-1.4.0.tgz",
      "integrity": "sha512-+hKRhsBP35H2Poucdg/lnHnV3OBwx9Ynz865ZBtdCY5kcgFzOVpGq2zjKHSvOaQDUk/FITmsDHRtCLYBi67vVA==",
      "requires": {
        "lodash.isnull": "3.0.0",
        "validate.io-undefined": "1.0.3"
      }
    },
    "to-string-x": {
      "version": "1.4.0",
      "resolved": "https://registry.npmjs.org/to-string-x/-/to-string-x-1.4.0.tgz",
      "integrity": "sha512-Wc3+16c087b3Oj8ycNLrdJmQPkGGMdtPdeDwsWhNwtTGnGClNdcqUuoZSq0d9br6qh9GDPtlCUjyhz8eIwPmZQ==",
      "requires": {
        "is-symbol": "1.0.1"
      }
    },
    "trim-left-x": {
      "version": "1.3.3",
      "resolved": "https://registry.npmjs.org/trim-left-x/-/trim-left-x-1.3.3.tgz",
      "integrity": "sha512-+BR0IT+4pQvoQemCY0j6D6aFs2W/9mpYuXMtPtTWjwd2Juq7JFlprBvLBJF6FdlEOkKneG4Zwc7zcf4Zdj7j1g==",
      "requires": {
        "to-string-x": "1.4.0",
        "white-space-x": "2.0.2"
      }
    },
    "trim-right-x": {
      "version": "1.3.2",
      "resolved": "https://registry.npmjs.org/trim-right-x/-/trim-right-x-1.3.2.tgz",
      "integrity": "sha512-BFpADj8aAgQb8+KSOEIC9KNZXCqybLA94F0lAnyXxF9D3P0IBzQ3/qPPGw3KkDV0uy38z75mHeGPq47Uucwvpw==",
      "requires": {
        "to-string-x": "1.4.0",
        "white-space-x": "2.0.2"
      }
    },
    "trim-x": {
      "version": "1.0.2",
      "resolved": "https://registry.npmjs.org/trim-x/-/trim-x-1.0.2.tgz",
      "integrity": "sha512-jH5BwdQ+/sFqrKhJyJiX3wck5UVzZZbVOm7468zijazVddT9y5/gf+XlwHo9bOYhLPLsUbnsSivCT2G3dXcQJg==",
      "requires": {
        "trim-left-x": "1.3.3",
        "trim-right-x": "1.3.2"
      }
    },
    "uuid": {
      "version": "3.1.0",
      "resolved": "https://registry.npmjs.org/uuid/-/uuid-3.1.0.tgz",
      "integrity": "sha512-DIWtzUkw04M4k3bf1IcpS2tngXEL26YUD2M0tMDUpnUrz2hgzUBlD55a4FjdLGPvfHxS6uluGWvaVEqgBcVa+g=="
    },
    "validate.io-undefined": {
      "version": "1.0.3",
      "resolved": "https://registry.npmjs.org/validate.io-undefined/-/validate.io-undefined-1.0.3.tgz",
      "integrity": "sha1-fif8uzFbhB54JDQxiXZxkp4gt/Q="
    },
    "vuvuzela": {
      "version": "1.0.3",
      "resolved": "https://registry.npmjs.org/vuvuzela/-/vuvuzela-1.0.3.tgz",
      "integrity": "sha1-O+FF5YJxxzylUnndhR8SpoIRSws="
    },
    "white-space-x": {
      "version": "2.0.2",
      "resolved": "https://registry.npmjs.org/white-space-x/-/white-space-x-2.0.2.tgz",
      "integrity": "sha512-fFV+/CTimN5y1ivUbnnH1yL/D8WiXqK9IixeLlxXWMttTJWY6g40v7o+i0Q6wFH0eQ/IPo8fBH2CaquIwEDkxw=="
    }
  }
}
