{
  "name": "pouchdb-adapter-asyncstorage",
  "version": "6.4.1",
  "lockfileVersion": 1,
  "requires": true,
  "dependencies": {
    "argsarray": {
      "version": "0.0.1",
      "resolved": "https://registry.npmjs.org/argsarray/-/argsarray-0.0.1.tgz",
      "integrity": "sha1-bnIHtOzbObCviDA/pa4ivajfYcs="
    },
    "atob": {
      "version": "2.0.3",
      "resolved": "https://registry.npmjs.org/atob/-/atob-2.0.3.tgz",
      "integrity": "sha1-GcenYEc3dEaPILLS0DNyrX1Mv10="
    },
    "attempt-x": {
      "version": "1.1.3",
      "resolved": "https://registry.npmjs.org/attempt-x/-/attempt-x-1.1.3.tgz",
      "integrity": "sha512-y/+ek8IjxVpTbj/phC87jK5YRhlP5Uu7FlQdCmYuut1DTjNruyrGqUWi5bcX1VKsQX1B0FX16A1hqHomKpHv3A=="
    },
    "base64-js": {
      "version": "1.2.3",
      "resolved": "https://registry.npmjs.org/base64-js/-/base64-js-1.2.3.tgz",
      "integrity": "sha512-MsAhsUW1GxCdgYSO6tAfZrNapmUKk7mWx/k5mFY/A1gBtkaCaNapTg+FExCw1r9yeaZhqx/xPg43xgTFH6KL5w=="
    },
    "blob-polyfill": {
      "version": "2.0.20171115",
      "resolved": "https://registry.npmjs.org/blob-polyfill/-/blob-polyfill-2.0.20171115.tgz",
      "integrity": "sha512-qHpuIpWlDLdOzSI9n1+423JL8c60Tbyyu/w4+zQIPCazvKBjf0sqQWiUS2QtyHph3S1C8m17T/jKyhv/DnnQFA=="
    },
    "btoa": {
      "version": "1.1.2",
      "resolved": "https://registry.npmjs.org/btoa/-/btoa-1.1.2.tgz",
      "integrity": "sha1-PkC4FmP4HS3WWWpMtxSo3BbPq+A="
    },
    "buffer": {
      "version": "5.1.0",
      "resolved": "https://registry.npmjs.org/buffer/-/buffer-5.1.0.tgz",
      "integrity": "sha512-YkIRgwsZwJWTnyQrsBTWefizHh+8GYj3kbL1BTiAQ/9pwpino0G7B2gp5tx/FUBqUlvtxV85KNR3mwfAtv15Yw==",
      "requires": {
        "base64-js": "^1.0.2",
        "ieee754": "^1.1.4"
      }
    },
    "buffer-from": {
      "version": "0.1.1",
      "resolved": "https://registry.npmjs.org/buffer-from/-/buffer-from-0.1.1.tgz",
      "integrity": "sha1-V7GLHaChnsBvM4N6UnWiQjUb114=",
      "requires": {
        "is-array-buffer-x": "^1.0.13"
      }
    },
    "cached-constructors-x": {
      "version": "1.0.2",
      "resolved": "https://registry.npmjs.org/cached-constructors-x/-/cached-constructors-x-1.0.2.tgz",
      "integrity": "sha512-7lKwmwXweW6E/31RHAJemLtZPfb2xvcABXknFF4b/dNYv4DbSGTgQHckXLQkNw6BB4HKFYW6mJgsNjADAy1ehw=="
    },
    "clone-buffer": {
      "version": "1.0.0",
      "resolved": "https://registry.npmjs.org/clone-buffer/-/clone-buffer-1.0.0.tgz",
      "integrity": "sha1-4+JbIHrE5wGvch4staFnksrD3Fg="
    },
    "events": {
      "version": "1.1.1",
      "resolved": "https://registry.npmjs.org/events/-/events-1.1.1.tgz",
      "integrity": "sha1-nr23Y1rQmccNzEwqH1AEKI6L2SQ="
    },
    "has-own-property-x": {
      "version": "3.2.0",
      "resolved": "https://registry.npmjs.org/has-own-property-x/-/has-own-property-x-3.2.0.tgz",
      "integrity": "sha512-HtRQTYpRFz/YVaQ7jh2mU5iorMAxFcML9FNOLMI1f8VNJ2K0hpOlXoi1a+nmVl6oUcGnhd6zYOFAVe7NUFStyQ==",
      "requires": {
        "cached-constructors-x": "^1.0.0",
        "to-object-x": "^1.5.0",
        "to-property-key-x": "^2.0.2"
      }
    },
    "has-symbol-support-x": {
      "version": "1.4.2",
      "resolved": "https://registry.npmjs.org/has-symbol-support-x/-/has-symbol-support-x-1.4.2.tgz",
      "integrity": "sha512-3ToOva++HaW+eCpgqZrCfN51IPB+7bJNVT6CUATzueB5Heb8o6Nam0V3HG5dlDvZU1Gn5QLcbahiKw/XVk5JJw=="
    },
    "has-to-string-tag-x": {
      "version": "1.4.1",
      "resolved": "https://registry.npmjs.org/has-to-string-tag-x/-/has-to-string-tag-x-1.4.1.tgz",
      "integrity": "sha512-vdbKfmw+3LoOYVr+mtxHaX5a96+0f3DljYd8JOqvOLsf5mw2Otda2qCDT9qRqLAhrjyQ0h7ual5nOiASpsGNFw==",
      "requires": {
        "has-symbol-support-x": "^1.4.1"
      }
    },
    "ieee754": {
      "version": "1.1.10",
      "resolved": "https://registry.npmjs.org/ieee754/-/ieee754-1.1.10.tgz",
      "integrity": "sha512-byWFX8OyW/qeVxcY21r6Ncxl0ZYHgnf0cPup2h34eHXrCJbOp7IuqnJ4Q0omfyWl6Z++BTI6bByf31pZt7iRLg=="
    },
    "immediate": {
      "version": "3.0.6",
      "resolved": "https://registry.npmjs.org/immediate/-/immediate-3.0.6.tgz",
      "integrity": "sha1-nbHb0Pr43m++D13V5Wu2BigN5ps="
    },
    "infinity-x": {
      "version": "1.0.2",
      "resolved": "https://registry.npmjs.org/infinity-x/-/infinity-x-1.0.2.tgz",
      "integrity": "sha512-2Ioz+exrAwlHxFBaDHQIbvUyjKFt0YjIal34/agfzx738aT1zBQwSU5A8Zgb1IQ2r24BtXrkeZZusxE40MyZaQ=="
    },
    "inherits": {
      "version": "2.0.3",
      "resolved": "https://registry.npmjs.org/inherits/-/inherits-2.0.3.tgz",
      "integrity": "sha1-Yzwsg+PaQqUC9SRmAiSA9CCCYd4="
    },
    "is-array-buffer-x": {
      "version": "1.7.0",
      "resolved": "https://registry.npmjs.org/is-array-buffer-x/-/is-array-buffer-x-1.7.0.tgz",
      "integrity": "sha512-ufSZRMY2WZX5xyNvk0NOZAG7cgi35B/sGQDGqv8w0X7MoQ2GC9vedanJhuYTPaC4PUCqLQsda1w7NF+dPZmAJw==",
      "requires": {
        "attempt-x": "^1.1.0",
        "has-to-string-tag-x": "^1.4.1",
        "is-object-like-x": "^1.5.1",
        "object-get-own-property-descriptor-x": "^3.2.0",
        "to-string-tag-x": "^1.4.1"
      }
    },
    "is-date-object": {
      "version": "1.0.1",
      "resolved": "https://registry.npmjs.org/is-date-object/-/is-date-object-1.0.1.tgz",
      "integrity": "sha1-mqIOtq7rv/d/vTPnTKAbM1gdOhY="
    },
    "is-falsey-x": {
      "version": "1.0.3",
      "resolved": "https://registry.npmjs.org/is-falsey-x/-/is-falsey-x-1.0.3.tgz",
      "integrity": "sha512-RWjusR6LXAhGa0Vus7aD1rwJuJwdJsvG3daAVMDvOAgvGuGm4eilNgoSuXhpv2/2qpLDvioAKTNb3t3XYidCNg==",
      "requires": {
        "to-boolean-x": "^1.0.2"
      }
    },
    "is-finite-x": {
      "version": "3.0.4",
      "resolved": "https://registry.npmjs.org/is-finite-x/-/is-finite-x-3.0.4.tgz",
      "integrity": "sha512-wdSI5zk/Pl21HzGcLWFoFzuDa8gsgcqhwZGAZryL2eU7RKf7+g+q4jL2gGItrBs/YtspkjOrJ4JxXNZqquoAWA==",
      "requires": {
        "infinity-x": "^1.0.1",
        "is-nan-x": "^1.0.2"
      }
    },
    "is-function-x": {
      "version": "3.3.0",
      "resolved": "https://registry.npmjs.org/is-function-x/-/is-function-x-3.3.0.tgz",
      "integrity": "sha512-SreSSU1dlgYaXR5c0mm4qJHKYHIiGiEY+7Cd8/aRLLoMP/VvofD2XcWgBnP833ajpU5XzXbUSpfysnfKZLJFlg==",
      "requires": {
        "attempt-x": "^1.1.1",
        "has-to-string-tag-x": "^1.4.1",
        "is-falsey-x": "^1.0.1",
        "is-primitive": "^2.0.0",
        "normalize-space-x": "^3.0.0",
        "replace-comments-x": "^2.0.0",
        "to-boolean-x": "^1.0.1",
        "to-string-tag-x": "^1.4.2"
      },
      "dependencies": {
        "is-primitive": {
          "version": "2.0.0",
          "resolved": "https://registry.npmjs.org/is-primitive/-/is-primitive-2.0.0.tgz",
          "integrity": "sha1-IHurkWOEmcB7Kt8kCkGochADRXU="
        }
      }
    },
    "is-index-x": {
      "version": "1.1.0",
      "resolved": "https://registry.npmjs.org/is-index-x/-/is-index-x-1.1.0.tgz",
      "integrity": "sha512-qULKLMepQLGC8rSVdi8uF2vI4LiDrU9XSDg1D+Aa657GIB7GV1jHpga7uXgQvkt/cpQ5mVBHUFTpSehYSqT6+A==",
      "requires": {
        "math-clamp-x": "^1.2.0",
        "max-safe-integer": "^1.0.1",
        "to-integer-x": "^3.0.0",
        "to-number-x": "^2.0.0",
        "to-string-symbols-supported-x": "^1.0.0"
      }
    },
    "is-nan-x": {
      "version": "1.0.3",
      "resolved": "https://registry.npmjs.org/is-nan-x/-/is-nan-x-1.0.3.tgz",
      "integrity": "sha512-WenNBLVGSZID8shogsB++42vF7gvotCfneXM9KMCAKwNPXa8VfAu/RWwpqvnK7dLOP4Z7uitocb0TZ6rAiOccA=="
    },
    "is-nil-x": {
      "version": "1.4.2",
      "resolved": "https://registry.npmjs.org/is-nil-x/-/is-nil-x-1.4.2.tgz",
      "integrity": "sha512-9aDY7ir7IGb5HlgqL+b38v2YMxf8S7MEHHxjHGzUhijg2crq47RKdxL37bS6dU0VN87wy2IBZP4akgQtIXmyvg==",
      "requires": {
        "lodash.isnull": "^3.0.0",
        "validate.io-undefined": "^1.0.3"
      }
    },
    "is-object-like-x": {
      "version": "1.7.1",
      "resolved": "https://registry.npmjs.org/is-object-like-x/-/is-object-like-x-1.7.1.tgz",
      "integrity": "sha512-89nz+kESAW2Y7udq+PdRX/dZnRN2WP1b19Gdv4OYE1Xjoekn1xf31l0ZPzT40qdPD7I2nveNFm9rxxI0vmnGHA==",
      "requires": {
        "is-function-x": "^3.3.0",
        "is-primitive": "^3.0.0"
      }
    },
    "is-primitive": {
      "version": "3.0.0",
      "resolved": "https://registry.npmjs.org/is-primitive/-/is-primitive-3.0.0.tgz",
      "integrity": "sha512-Qch+MMfMdu7DMY6XElM7LUJKPmkbXdTqNhqyehVflzis2a8Zd9V6U8qZybb32uUSmlO/dNmg3fsA5t0Q9TC0mA=="
    },
    "is-string": {
      "version": "1.0.4",
      "resolved": "https://registry.npmjs.org/is-string/-/is-string-1.0.4.tgz",
      "integrity": "sha1-zDqbaYV9Yh6WNyWiTK7shzuCbmQ="
    },
    "is-symbol": {
      "version": "1.0.1",
      "resolved": "https://registry.npmjs.org/is-symbol/-/is-symbol-1.0.1.tgz",
      "integrity": "sha1-PMWfAAJRlLarLjjbrmaJJWtmBXI="
    },
    "left-pad": {
      "version": "1.2.0",
      "resolved": "https://registry.npmjs.org/left-pad/-/left-pad-1.2.0.tgz",
      "integrity": "sha1-0wpzxrggHY99jnlWupYWCHpo4O4="
    },
    "lie": {
      "version": "3.1.1",
      "resolved": "https://registry.npmjs.org/lie/-/lie-3.1.1.tgz",
      "integrity": "sha1-mkNrLMd0bKWd56QfpGmz77dr2H4=",
      "requires": {
        "immediate": "~3.0.5"
      }
    },
    "lodash.isnull": {
      "version": "3.0.0",
      "resolved": "https://registry.npmjs.org/lodash.isnull/-/lodash.isnull-3.0.0.tgz",
      "integrity": "sha1-+vvlnqHcon7teGU0A53YTC4HxW4="
    },
    "math-clamp-x": {
      "version": "1.2.0",
      "resolved": "https://registry.npmjs.org/math-clamp-x/-/math-clamp-x-1.2.0.tgz",
      "integrity": "sha512-tqpjpBcIf9UulApz3EjWXqTZpMlr2vLN9PryC9ghoyCuRmqZaf3JJhPddzgQpJnKLi2QhoFnvKBFtJekAIBSYg==",
      "requires": {
        "to-number-x": "^2.0.0"
      }
    },
    "math-sign-x": {
      "version": "3.0.0",
      "resolved": "https://registry.npmjs.org/math-sign-x/-/math-sign-x-3.0.0.tgz",
      "integrity": "sha512-OzPas41Pn4d16KHnaXmGxxY3/l3zK4OIXtmIwdhgZsxz4FDDcNnbrABYPg2vGfxIkaT9ezGnzDviRH7RfF44jQ==",
      "requires": {
        "is-nan-x": "^1.0.1",
        "to-number-x": "^2.0.0"
      }
    },
    "max-safe-integer": {
      "version": "1.0.1",
      "resolved": "https://registry.npmjs.org/max-safe-integer/-/max-safe-integer-1.0.1.tgz",
      "integrity": "sha1-84BgvixWPYwC5tSK85Ei/YO29BA="
    },
    "nan-x": {
      "version": "1.0.2",
      "resolved": "https://registry.npmjs.org/nan-x/-/nan-x-1.0.2.tgz",
      "integrity": "sha512-dndRmy03JQEN+Nh6WjQl7/OstIozeEmrtWe4TE7mEqJ8W8oMD8m2tHjsLPWt//e3hLAeRSbs4pxMyc5pk/nCkQ=="
    },
    "normalize-space-x": {
      "version": "3.0.0",
      "resolved": "https://registry.npmjs.org/normalize-space-x/-/normalize-space-x-3.0.0.tgz",
      "integrity": "sha512-tbCJerqZCCHPst4rRKgsTanLf45fjOyeAU5zE3mhDxJtFJKt66q39g2XArWhXelgTFVib8mNBUm6Wrd0LxYcfQ==",
      "requires": {
        "cached-constructors-x": "^1.0.0",
        "trim-x": "^3.0.0",
        "white-space-x": "^3.0.0"
      }
    },
    "object-get-own-property-descriptor-x": {
      "version": "3.2.0",
      "resolved": "https://registry.npmjs.org/object-get-own-property-descriptor-x/-/object-get-own-property-descriptor-x-3.2.0.tgz",
      "integrity": "sha512-Z/0fIrptD9YuzN+SNK/1kxAEaBcPQM4gSrtOSMSi9eplnL/AbyQcAyAlreAoAzmBon+DQ1Z+AdhxyQSvav5Fyg==",
      "requires": {
        "attempt-x": "^1.1.0",
        "has-own-property-x": "^3.1.1",
        "has-symbol-support-x": "^1.4.1",
        "is-falsey-x": "^1.0.0",
        "is-index-x": "^1.0.0",
        "is-primitive": "^2.0.0",
        "is-string": "^1.0.4",
        "property-is-enumerable-x": "^1.1.0",
        "to-object-x": "^1.4.1",
        "to-property-key-x": "^2.0.1"
      },
      "dependencies": {
        "is-primitive": {
          "version": "2.0.0",
          "resolved": "https://registry.npmjs.org/is-primitive/-/is-primitive-2.0.0.tgz",
          "integrity": "sha1-IHurkWOEmcB7Kt8kCkGochADRXU="
        }
      }
    },
    "parse-int-x": {
      "version": "2.0.0",
      "resolved": "https://registry.npmjs.org/parse-int-x/-/parse-int-x-2.0.0.tgz",
      "integrity": "sha512-NIMm52gmd1+0qxJK8lV3OZ4zzWpRH1xcz9xCHXl+DNzddwUdS4NEtd7BmTeK7iCIXoaK5e6BoDMHgieH2eNIhg==",
      "requires": {
        "cached-constructors-x": "^1.0.0",
        "nan-x": "^1.0.0",
        "to-string-x": "^1.4.2",
        "trim-left-x": "^3.0.0"
      }
    },
    "pouchdb-adapter-utils": {
      "version": "6.4.3",
      "resolved": "https://registry.npmjs.org/pouchdb-adapter-utils/-/pouchdb-adapter-utils-6.4.3.tgz",
      "integrity": "sha512-P0BgU82tpGxr94CmSj6HA+/20AlQroaxjeHpBkbuntfCybl9TD2F0DJiKRPaU5RvTz6V+emHZQgmlrfHCs+Jhg==",
      "requires": {
        "pouchdb-binary-utils": "6.4.3",
        "pouchdb-collections": "6.4.3",
        "pouchdb-errors": "6.4.3",
        "pouchdb-md5": "6.4.3",
        "pouchdb-merge": "6.4.3",
        "pouchdb-promise": "6.4.3",
        "pouchdb-utils": "6.4.3"
      }
    },
    "pouchdb-binary-utils": {
      "version": "6.4.3",
      "resolved": "https://registry.npmjs.org/pouchdb-binary-utils/-/pouchdb-binary-utils-6.4.3.tgz",
      "integrity": "sha512-eRKH/1eiZwrqNdAR3CL1XIIkq04I9hHIABHwIRboz1LjBSchKmaf4ZDngiWGDvRYT9Gl/MogGDGOk1WRMoV4wg==",
      "requires": {
        "buffer-from": "0.1.1"
      }
    },
    "pouchdb-collections": {
      "version": "6.4.3",
      "resolved": "https://registry.npmjs.org/pouchdb-collections/-/pouchdb-collections-6.4.3.tgz",
      "integrity": "sha512-uWb9+hvjiijeyrCeEz/FUND1oj0AQK/f166egBOTofNlAwQLNrJUTn+uJ34b3NODAmKhg7+ZeDVvnl9D2pijuQ=="
    },
    "pouchdb-errors": {
      "version": "6.4.3",
      "resolved": "https://registry.npmjs.org/pouchdb-errors/-/pouchdb-errors-6.4.3.tgz",
      "integrity": "sha512-EU83ZZJjorwGL9DQZ9HAILY8D+ulX2RYVMtsCfIuzaIJEUrHh/dhSIy5854n42NBOUWug3gFDyO58w5k+64HTQ==",
      "requires": {
        "inherits": "2.0.3"
      }
    },
    "pouchdb-json": {
      "version": "6.4.3",
      "resolved": "https://registry.npmjs.org/pouchdb-json/-/pouchdb-json-6.4.3.tgz",
      "integrity": "sha512-ou9tDxySHKQv7uU8BjggVjtzNdeim/IcGYhF4yyN2wj4HqJqlanG9l0Rab6tBkCR6px5Gt5e9yCoas5bBZqiGw==",
      "requires": {
        "vuvuzela": "1.0.3"
      }
    },
    "pouchdb-md5": {
      "version": "6.4.3",
      "resolved": "https://registry.npmjs.org/pouchdb-md5/-/pouchdb-md5-6.4.3.tgz",
      "integrity": "sha512-EnToEO+JLJA5bHDYWs42B8hU9Q1TckVozQjTSXL/pDXKXLATuVEKHNq8F/4lrpxblpngx4Zt8z2Luwu0etLSqw==",
      "requires": {
        "pouchdb-binary-utils": "6.4.3",
        "spark-md5": "3.0.0"
      }
    },
    "pouchdb-merge": {
      "version": "6.4.3",
      "resolved": "https://registry.npmjs.org/pouchdb-merge/-/pouchdb-merge-6.4.3.tgz",
      "integrity": "sha512-UuSpex/V1kNr1aXcmg+TQlOdjzMWc08AX/Ja6jrPq9J42M97UFF+7Ijx3JllxDK0j6QJZrvhpvjFzsRhFC4+zw=="
    },
    "pouchdb-promise": {
      "version": "6.4.3",
      "resolved": "https://registry.npmjs.org/pouchdb-promise/-/pouchdb-promise-6.4.3.tgz",
      "integrity": "sha512-ruJaSFXwzsxRHQfwNHjQfsj58LBOY1RzGzde4PM5CWINZwFjCQAhZwfMrch2o/0oZT6d+Xtt0HTWhq35p3b0qw==",
      "requires": {
        "lie": "3.1.1"
      }
    },
    "pouchdb-utils": {
      "version": "6.4.3",
      "resolved": "https://registry.npmjs.org/pouchdb-utils/-/pouchdb-utils-6.4.3.tgz",
      "integrity": "sha512-22QXh743YXl/afheeumrUKsO/0Q4Q8bvoboFp/1quXq//BDJa9nv55WUZX0l05t3VPW+nD/pse2FzU9cs3nEag==",
      "requires": {
        "argsarray": "0.0.1",
        "clone-buffer": "1.0.0",
        "immediate": "3.0.6",
        "inherits": "2.0.3",
        "pouchdb-collections": "6.4.3",
        "pouchdb-errors": "6.4.3",
        "pouchdb-promise": "6.4.3",
        "uuid": "3.2.1"
      }
    },
    "property-is-enumerable-x": {
      "version": "1.1.0",
      "resolved": "https://registry.npmjs.org/property-is-enumerable-x/-/property-is-enumerable-x-1.1.0.tgz",
      "integrity": "sha512-22cKy3w3OpRswU6to9iKWDDlg+F9vF2REcwGlGW23jyLjHb1U/jJEWA44sWupOnkhGfDgotU6Lw+N2oyhNi+5A==",
      "requires": {
        "to-object-x": "^1.4.1",
        "to-property-key-x": "^2.0.1"
      }
    },
    "replace-comments-x": {
      "version": "2.0.0",
      "resolved": "https://registry.npmjs.org/replace-comments-x/-/replace-comments-x-2.0.0.tgz",
      "integrity": "sha512-+vMP4jqU+8HboLWms6YMNEiaZG5hh1oR6ENCnGYDF/UQ7aYiJUK/8tcl3+KZAHRCKKa3gqzrfiarlUBHQSgRlg==",
      "requires": {
        "require-coercible-to-string-x": "^1.0.0",
        "to-string-x": "^1.4.2"
      }
    },
    "require-coercible-to-string-x": {
      "version": "1.0.2",
      "resolved": "https://registry.npmjs.org/require-coercible-to-string-x/-/require-coercible-to-string-x-1.0.2.tgz",
      "integrity": "sha512-GZ3BSCL0n/zhho8ITganW9FGPh0Kxhq71nCjck8Qau/30Wf4Po8a3XpQdzEMFiXCwZ/0m0E3lKSdSG8gkcIofQ==",
      "requires": {
        "require-object-coercible-x": "^1.4.3",
        "to-string-x": "^1.4.5"
      }
    },
    "require-object-coercible-x": {
      "version": "1.4.3",
      "resolved": "https://registry.npmjs.org/require-object-coercible-x/-/require-object-coercible-x-1.4.3.tgz",
      "integrity": "sha512-5wEaS+NIiU5HLJQTqBQ+6XHtX7yplUS374j/H/nRDlc7rMWfENqp026jnUHWAOCZ+ekixkXuFHEnTF28oqqVLA==",
      "requires": {
        "is-nil-x": "^1.4.2"
      }
    },
    "spark-md5": {
      "version": "3.0.0",
      "resolved": "https://registry.npmjs.org/spark-md5/-/spark-md5-3.0.0.tgz",
      "integrity": "sha1-NyIifFTi+vJLHcbZM8wUTm9xv+8="
    },
    "to-boolean-x": {
      "version": "1.0.3",
      "resolved": "https://registry.npmjs.org/to-boolean-x/-/to-boolean-x-1.0.3.tgz",
      "integrity": "sha512-kQiMyJUgFprL8J+0CfgJuaSFKJMs3EvFe27/6aj/hVzVZT0HY4aA1QjPldLNxzBmjhLcapp7CctYHuD8QqtS3g=="
    },
    "to-integer-x": {
      "version": "3.0.0",
      "resolved": "https://registry.npmjs.org/to-integer-x/-/to-integer-x-3.0.0.tgz",
      "integrity": "sha512-794L2Lpwjtynm7RxahJi2YdbRY75gTxUW27TMuN26UgwPkmJb/+HPhkFEFbz+E4vNoiP0dxq5tq5fkXoXLaK/w==",
      "requires": {
        "is-finite-x": "^3.0.2",
        "is-nan-x": "^1.0.1",
        "math-sign-x": "^3.0.0",
        "to-number-x": "^2.0.0"
      }
    },
    "to-number-x": {
      "version": "2.0.0",
      "resolved": "https://registry.npmjs.org/to-number-x/-/to-number-x-2.0.0.tgz",
      "integrity": "sha512-lGOnCoccUoSzjZ/9Uen8TC4+VFaQcFGhTroWTv2tYWxXgyJV1zqAZ8hEIMkez/Eo790fBMOjidTnQ/OJSCvAoQ==",
      "requires": {
        "cached-constructors-x": "^1.0.0",
        "nan-x": "^1.0.0",
        "parse-int-x": "^2.0.0",
        "to-primitive-x": "^1.1.0",
        "trim-x": "^3.0.0"
      }
    },
    "to-object-x": {
      "version": "1.5.0",
      "resolved": "https://registry.npmjs.org/to-object-x/-/to-object-x-1.5.0.tgz",
      "integrity": "sha512-AKn5GQcdWky+s20vjWkt+Wa6y3dxQH3yQyMBhOfBOPldUwqwhgvlqcIg5H092ntNc+TX8/Cxzs1kMHH19pyCnA==",
      "requires": {
        "cached-constructors-x": "^1.0.0",
        "require-object-coercible-x": "^1.4.1"
      }
    },
    "to-primitive-x": {
      "version": "1.1.0",
      "resolved": "https://registry.npmjs.org/to-primitive-x/-/to-primitive-x-1.1.0.tgz",
      "integrity": "sha512-gyMY0gi3wjK3e4MUBKqv9Zl8QGcWguIkaUr2VJmoBEsOpDcpDZSEyljR773eVG4maS48uX7muLkoQoh/BA82OQ==",
      "requires": {
        "has-symbol-support-x": "^1.4.1",
        "is-date-object": "^1.0.1",
        "is-function-x": "^3.2.0",
        "is-nil-x": "^1.4.1",
        "is-primitive": "^2.0.0",
        "is-symbol": "^1.0.1",
        "require-object-coercible-x": "^1.4.1",
        "validate.io-undefined": "^1.0.3"
      },
      "dependencies": {
        "is-primitive": {
          "version": "2.0.0",
          "resolved": "https://registry.npmjs.org/is-primitive/-/is-primitive-2.0.0.tgz",
          "integrity": "sha1-IHurkWOEmcB7Kt8kCkGochADRXU="
        }
      }
    },
    "to-property-key-x": {
      "version": "2.0.2",
      "resolved": "https://registry.npmjs.org/to-property-key-x/-/to-property-key-x-2.0.2.tgz",
      "integrity": "sha512-YISLpZFYIazNm0P8hLsKEEUEZ3m8U3+eDysJZqTu3+B9tQp+2TrMpaEGT8Agh4fZ5LSoums60/glNEzk5ozqrg==",
      "requires": {
        "has-symbol-support-x": "^1.4.1",
        "to-primitive-x": "^1.1.0",
        "to-string-x": "^1.4.2"
      }
    },
    "to-string-symbols-supported-x": {
      "version": "1.0.2",
      "resolved": "https://registry.npmjs.org/to-string-symbols-supported-x/-/to-string-symbols-supported-x-1.0.2.tgz",
      "integrity": "sha512-3MRqhIhSNVDsVAk4M6WNcuBZrAQe54W13xrXX6RzxXS+pA4nj6DQ96RegQS5z9BSNyYbFsBsPvMVDIpP+a/5RA==",
      "requires": {
        "cached-constructors-x": "^1.0.2",
        "has-symbol-support-x": "^1.4.2",
        "is-symbol": "^1.0.1"
      }
    },
    "to-string-tag-x": {
      "version": "1.4.3",
      "resolved": "https://registry.npmjs.org/to-string-tag-x/-/to-string-tag-x-1.4.3.tgz",
      "integrity": "sha512-5+0EZ6dOVt/XArXmkooxPzWxmOR081HM/uXitUow7h11WYg5pPo15uYqDWuqO7ZY+O3Atn/dG26wcJCK+mFevg==",
      "requires": {
        "lodash.isnull": "^3.0.0",
        "validate.io-undefined": "^1.0.3"
      }
    },
    "to-string-x": {
      "version": "1.4.5",
      "resolved": "https://registry.npmjs.org/to-string-x/-/to-string-x-1.4.5.tgz",
      "integrity": "sha512-5xzlZDyDa9BUWNjNzZzHgKQ95PnV7qjvEhbqpFaj1ixaHgfJXOFaa3xdMJ+WLYd4hhaMJaxt8Pt5uKaWXfruXA==",
      "requires": {
        "cached-constructors-x": "^1.0.0",
        "is-symbol": "^1.0.1"
      }
    },
    "trim-left-x": {
      "version": "3.0.0",
      "resolved": "https://registry.npmjs.org/trim-left-x/-/trim-left-x-3.0.0.tgz",
      "integrity": "sha512-+m6cqkppI+CxQBTwWEZliOHpOBnCArGyMnS1WCLb6IRgukhTkiQu/TNEN5Lj2eM9jk8ewJsc7WxFZfmwNpRXWQ==",
      "requires": {
        "cached-constructors-x": "^1.0.0",
        "require-coercible-to-string-x": "^1.0.0",
        "white-space-x": "^3.0.0"
      }
    },
    "trim-right-x": {
      "version": "3.0.0",
      "resolved": "https://registry.npmjs.org/trim-right-x/-/trim-right-x-3.0.0.tgz",
      "integrity": "sha512-iIqEsWEbWVodqdixJHi4FoayJkUxhoL4AvSNGp4FF4FfQKRPGizt8++/RnyC9od75y7P/S6EfONoVqP+NddiKA==",
      "requires": {
        "cached-constructors-x": "^1.0.0",
        "require-coercible-to-string-x": "^1.0.0",
        "white-space-x": "^3.0.0"
      }
    },
    "trim-x": {
      "version": "3.0.0",
      "resolved": "https://registry.npmjs.org/trim-x/-/trim-x-3.0.0.tgz",
      "integrity": "sha512-w8s38RAUScQ6t3XqMkS75iz5ZkIYLQpVnv2lp3IuTS36JdlVzC54oe6okOf4Wz3UH4rr3XAb2xR3kR5Xei82fw==",
      "requires": {
        "trim-left-x": "^3.0.0",
        "trim-right-x": "^3.0.0"
      }
    },
    "uuid": {
      "version": "3.2.1",
      "resolved": "https://registry.npmjs.org/uuid/-/uuid-3.2.1.tgz",
      "integrity": "sha512-jZnMwlb9Iku/O3smGWvZhauCf6cvvpKi4BKRiliS3cxnI+Gz9j5MEpTz2UFuXiKPJocb7gnsLHwiS05ige5BEA=="
    },
    "validate.io-undefined": {
      "version": "1.0.3",
      "resolved": "https://registry.npmjs.org/validate.io-undefined/-/validate.io-undefined-1.0.3.tgz",
      "integrity": "sha1-fif8uzFbhB54JDQxiXZxkp4gt/Q="
    },
    "vuvuzela": {
      "version": "1.0.3",
      "resolved": "https://registry.npmjs.org/vuvuzela/-/vuvuzela-1.0.3.tgz",
      "integrity": "sha1-O+FF5YJxxzylUnndhR8SpoIRSws="
    },
    "white-space-x": {
      "version": "3.0.1",
      "resolved": "https://registry.npmjs.org/white-space-x/-/white-space-x-3.0.1.tgz",
      "integrity": "sha512-BwMFXQNPna/4RsNPOgldVYn+FkEv+lc3wUiFzuaW6Z2DH/oSk1UrRD6SBqDgWQO4JU+aBq3PVuPD9Vz0j7mh0w=="
    }
  }
}
