{
  "name": "pouchdb-react-native",
  "version": "6.4.1",
  "lockfileVersion": 1,
  "requires": true,
  "dependencies": {
    "ajv": {
      "version": "5.5.2",
      "resolved": "https://registry.npmjs.org/ajv/-/ajv-5.5.2.tgz",
      "integrity": "sha1-c7Xuyj+rZT49P5Qis0GtQiBdyWU=",
      "requires": {
        "co": "4.6.0",
        "fast-deep-equal": "1.1.0",
        "fast-json-stable-stringify": "2.0.0",
        "json-schema-traverse": "0.3.1"
      }
    },
    "argsarray": {
      "version": "0.0.1",
      "resolved": "https://registry.npmjs.org/argsarray/-/argsarray-0.0.1.tgz",
      "integrity": "sha1-bnIHtOzbObCviDA/pa4ivajfYcs="
    },
    "asn1": {
      "version": "0.2.3",
      "resolved": "https://registry.npmjs.org/asn1/-/asn1-0.2.3.tgz",
      "integrity": "sha1-2sh4dxPJlmhJ/IGAd36+nB3fO4Y="
    },
    "assert-plus": {
      "version": "1.0.0",
      "resolved": "https://registry.npmjs.org/assert-plus/-/assert-plus-1.0.0.tgz",
      "integrity": "sha1-8S4PPF13sLHN2RRpQuTpbB5N1SU="
    },
    "asynckit": {
      "version": "0.4.0",
      "resolved": "https://registry.npmjs.org/asynckit/-/asynckit-0.4.0.tgz",
      "integrity": "sha1-x57Zf380y48robyXkLzDZkdLS3k="
    },
    "atob": {
      "version": "2.0.3",
      "resolved": "https://registry.npmjs.org/atob/-/atob-2.0.3.tgz",
      "integrity": "sha1-GcenYEc3dEaPILLS0DNyrX1Mv10="
    },
    "attempt-x": {
      "version": "1.1.3",
      "resolved": "https://registry.npmjs.org/attempt-x/-/attempt-x-1.1.3.tgz",
      "integrity": "sha512-y/+ek8IjxVpTbj/phC87jK5YRhlP5Uu7FlQdCmYuut1DTjNruyrGqUWi5bcX1VKsQX1B0FX16A1hqHomKpHv3A=="
    },
    "aws-sign2": {
      "version": "0.7.0",
      "resolved": "https://registry.npmjs.org/aws-sign2/-/aws-sign2-0.7.0.tgz",
      "integrity": "sha1-tG6JCTSpWR8tL2+G1+ap8bP+dqg="
    },
    "aws4": {
      "version": "1.6.0",
      "resolved": "https://registry.npmjs.org/aws4/-/aws4-1.6.0.tgz",
      "integrity": "sha1-g+9cqGCysy5KDe7e6MdxudtXRx4="
    },
    "base64-js": {
      "version": "1.2.3",
      "resolved": "https://registry.npmjs.org/base64-js/-/base64-js-1.2.3.tgz",
      "integrity": "sha512-MsAhsUW1GxCdgYSO6tAfZrNapmUKk7mWx/k5mFY/A1gBtkaCaNapTg+FExCw1r9yeaZhqx/xPg43xgTFH6KL5w=="
    },
    "bcrypt-pbkdf": {
      "version": "1.0.1",
      "resolved": "https://registry.npmjs.org/bcrypt-pbkdf/-/bcrypt-pbkdf-1.0.1.tgz",
      "integrity": "sha1-Y7xdy2EzG5K8Bf1SiVPDNGKgb40=",
      "optional": true,
      "requires": {
        "tweetnacl": "0.14.5"
      }
    },
    "blob-polyfill": {
      "version": "2.0.20171115",
      "resolved": "https://registry.npmjs.org/blob-polyfill/-/blob-polyfill-2.0.20171115.tgz",
      "integrity": "sha512-qHpuIpWlDLdOzSI9n1+423JL8c60Tbyyu/w4+zQIPCazvKBjf0sqQWiUS2QtyHph3S1C8m17T/jKyhv/DnnQFA=="
    },
    "boom": {
      "version": "4.3.1",
      "resolved": "https://registry.npmjs.org/boom/-/boom-4.3.1.tgz",
      "integrity": "sha1-T4owBctKfjiJ90kDD9JbluAdLjE=",
      "requires": {
        "hoek": "4.2.1"
      }
    },
    "btoa": {
      "version": "1.1.2",
      "resolved": "https://registry.npmjs.org/btoa/-/btoa-1.1.2.tgz",
      "integrity": "sha1-PkC4FmP4HS3WWWpMtxSo3BbPq+A="
    },
    "buffer": {
      "version": "5.1.0",
      "resolved": "https://registry.npmjs.org/buffer/-/buffer-5.1.0.tgz",
      "integrity": "sha512-YkIRgwsZwJWTnyQrsBTWefizHh+8GYj3kbL1BTiAQ/9pwpino0G7B2gp5tx/FUBqUlvtxV85KNR3mwfAtv15Yw==",
      "requires": {
        "base64-js": "1.2.3",
        "ieee754": "1.1.10"
      }
    },
    "buffer-from": {
      "version": "0.1.1",
      "resolved": "https://registry.npmjs.org/buffer-from/-/buffer-from-0.1.1.tgz",
      "integrity": "sha1-V7GLHaChnsBvM4N6UnWiQjUb114=",
      "requires": {
        "is-array-buffer-x": "1.7.0"
      }
    },
    "cached-constructors-x": {
      "version": "1.0.2",
      "resolved": "https://registry.npmjs.org/cached-constructors-x/-/cached-constructors-x-1.0.2.tgz",
      "integrity": "sha512-7lKwmwXweW6E/31RHAJemLtZPfb2xvcABXknFF4b/dNYv4DbSGTgQHckXLQkNw6BB4HKFYW6mJgsNjADAy1ehw=="
    },
    "caseless": {
      "version": "0.12.0",
      "resolved": "https://registry.npmjs.org/caseless/-/caseless-0.12.0.tgz",
      "integrity": "sha1-G2gcIf+EAzyCZUMJBolCDRhxUdw="
    },
    "clone-buffer": {
      "version": "1.0.0",
      "resolved": "https://registry.npmjs.org/clone-buffer/-/clone-buffer-1.0.0.tgz",
      "integrity": "sha1-4+JbIHrE5wGvch4staFnksrD3Fg="
    },
    "co": {
      "version": "4.6.0",
      "resolved": "https://registry.npmjs.org/co/-/co-4.6.0.tgz",
      "integrity": "sha1-bqa989hTrlTMuOR7+gvz+QMfsYQ="
    },
    "combined-stream": {
      "version": "1.0.6",
      "resolved": "https://registry.npmjs.org/combined-stream/-/combined-stream-1.0.6.tgz",
      "integrity": "sha1-cj599ugBrFYTETp+RFqbactjKBg=",
      "requires": {
        "delayed-stream": "1.0.0"
      }
    },
    "core-util-is": {
      "version": "1.0.2",
      "resolved": "https://registry.npmjs.org/core-util-is/-/core-util-is-1.0.2.tgz",
      "integrity": "sha1-tf1UIgqivFq1eqtxQMlAdUUDwac="
    },
    "cryptiles": {
      "version": "3.1.2",
      "resolved": "https://registry.npmjs.org/cryptiles/-/cryptiles-3.1.2.tgz",
      "integrity": "sha1-qJ+7Ig9c4l7FboxKqKT9e1sNKf4=",
      "requires": {
        "boom": "5.2.0"
      },
      "dependencies": {
        "boom": {
          "version": "5.2.0",
          "resolved": "https://registry.npmjs.org/boom/-/boom-5.2.0.tgz",
          "integrity": "sha512-Z5BTk6ZRe4tXXQlkqftmsAUANpXmuwlsF5Oov8ThoMbQRzdGTA1ngYRW160GexgOgjsFOKJz0LYhoNi+2AMBUw==",
          "requires": {
            "hoek": "4.2.1"
          }
        }
      }
    },
    "dashdash": {
      "version": "1.14.1",
      "resolved": "https://registry.npmjs.org/dashdash/-/dashdash-1.14.1.tgz",
      "integrity": "sha1-hTz6D3y+L+1d4gMmuN1YEDX24vA=",
      "requires": {
        "assert-plus": "1.0.0"
      }
    },
    "debug": {
      "version": "3.1.0",
      "resolved": "https://registry.npmjs.org/debug/-/debug-3.1.0.tgz",
      "integrity": "sha512-OX8XqP7/1a9cqkxYw2yXss15f26NKWBpDXQd0/uK/KPqdQhxbPa994hnzjcE2VqQpDslf55723cKPUOGSmMY3g==",
      "requires": {
        "ms": "2.0.0"
      }
    },
    "delayed-stream": {
      "version": "1.0.0",
      "resolved": "https://registry.npmjs.org/delayed-stream/-/delayed-stream-1.0.0.tgz",
      "integrity": "sha1-3zrhmayt+31ECqrgsp4icrJOxhk="
    },
    "ecc-jsbn": {
      "version": "0.1.1",
      "resolved": "https://registry.npmjs.org/ecc-jsbn/-/ecc-jsbn-0.1.1.tgz",
      "integrity": "sha1-D8c6ntXw1Tw4GTOYUj735UN3dQU=",
      "optional": true,
      "requires": {
        "jsbn": "0.1.1"
      }
    },
    "events": {
      "version": "1.1.1",
      "resolved": "https://registry.npmjs.org/events/-/events-1.1.1.tgz",
      "integrity": "sha1-nr23Y1rQmccNzEwqH1AEKI6L2SQ="
    },
    "extend": {
      "version": "3.0.1",
      "resolved": "https://registry.npmjs.org/extend/-/extend-3.0.1.tgz",
      "integrity": "sha1-p1Xqe8Gt/MWjHOfnYtuq3F5jZEQ="
    },
    "extsprintf": {
      "version": "1.3.0",
      "resolved": "https://registry.npmjs.org/extsprintf/-/extsprintf-1.3.0.tgz",
      "integrity": "sha1-lpGEQOMEGnpBT4xS48V06zw+HgU="
    },
    "fast-deep-equal": {
      "version": "1.1.0",
      "resolved": "https://registry.npmjs.org/fast-deep-equal/-/fast-deep-equal-1.1.0.tgz",
      "integrity": "sha1-wFNHeBfIa1HaqFPIHgWbcz0CNhQ="
    },
    "fast-json-stable-stringify": {
      "version": "2.0.0",
      "resolved": "https://registry.npmjs.org/fast-json-stable-stringify/-/fast-json-stable-stringify-2.0.0.tgz",
      "integrity": "sha1-1RQsDK7msRifh9OnYREGT4bIu/I="
    },
    "forever-agent": {
      "version": "0.6.1",
      "resolved": "https://registry.npmjs.org/forever-agent/-/forever-agent-0.6.1.tgz",
      "integrity": "sha1-+8cfDEGt6zf5bFd60e1C2P2sypE="
    },
    "form-data": {
      "version": "2.3.2",
      "resolved": "https://registry.npmjs.org/form-data/-/form-data-2.3.2.tgz",
      "integrity": "sha1-SXBJi+YEwgwAXU9cI67NIda0kJk=",
      "requires": {
        "asynckit": "0.4.0",
        "combined-stream": "1.0.6",
        "mime-types": "2.1.18"
      }
    },
    "getpass": {
      "version": "0.1.7",
      "resolved": "https://registry.npmjs.org/getpass/-/getpass-0.1.7.tgz",
      "integrity": "sha1-Xv+OPmhNVprkyysSgmBOi6YhSfo=",
      "requires": {
        "assert-plus": "1.0.0"
      }
    },
    "har-schema": {
      "version": "2.0.0",
      "resolved": "https://registry.npmjs.org/har-schema/-/har-schema-2.0.0.tgz",
      "integrity": "sha1-qUwiJOvKwEeCoNkDVSHyRzW37JI="
    },
    "har-validator": {
      "version": "5.0.3",
      "resolved": "https://registry.npmjs.org/har-validator/-/har-validator-5.0.3.tgz",
      "integrity": "sha1-ukAsJmGU8VlW7xXg/PJCmT9qff0=",
      "requires": {
        "ajv": "5.5.2",
        "har-schema": "2.0.0"
      }
    },
    "has-own-property-x": {
      "version": "3.2.0",
      "resolved": "https://registry.npmjs.org/has-own-property-x/-/has-own-property-x-3.2.0.tgz",
      "integrity": "sha512-HtRQTYpRFz/YVaQ7jh2mU5iorMAxFcML9FNOLMI1f8VNJ2K0hpOlXoi1a+nmVl6oUcGnhd6zYOFAVe7NUFStyQ==",
      "requires": {
        "cached-constructors-x": "1.0.2",
        "to-object-x": "1.5.0",
        "to-property-key-x": "2.0.2"
      }
    },
    "has-symbol-support-x": {
      "version": "1.4.2",
      "resolved": "https://registry.npmjs.org/has-symbol-support-x/-/has-symbol-support-x-1.4.2.tgz",
      "integrity": "sha512-3ToOva++HaW+eCpgqZrCfN51IPB+7bJNVT6CUATzueB5Heb8o6Nam0V3HG5dlDvZU1Gn5QLcbahiKw/XVk5JJw=="
    },
    "has-to-string-tag-x": {
      "version": "1.4.1",
      "resolved": "https://registry.npmjs.org/has-to-string-tag-x/-/has-to-string-tag-x-1.4.1.tgz",
      "integrity": "sha512-vdbKfmw+3LoOYVr+mtxHaX5a96+0f3DljYd8JOqvOLsf5mw2Otda2qCDT9qRqLAhrjyQ0h7ual5nOiASpsGNFw==",
      "requires": {
        "has-symbol-support-x": "1.4.2"
      }
    },
    "hawk": {
      "version": "6.0.2",
      "resolved": "https://registry.npmjs.org/hawk/-/hawk-6.0.2.tgz",
      "integrity": "sha512-miowhl2+U7Qle4vdLqDdPt9m09K6yZhkLDTWGoUiUzrQCn+mHHSmfJgAyGaLRZbPmTqfFFjRV1QWCW0VWUJBbQ==",
      "requires": {
        "boom": "4.3.1",
        "cryptiles": "3.1.2",
        "hoek": "4.2.1",
        "sntp": "2.1.0"
      }
    },
    "hoek": {
      "version": "4.2.1",
      "resolved": "https://registry.npmjs.org/hoek/-/hoek-4.2.1.tgz",
      "integrity": "sha512-QLg82fGkfnJ/4iy1xZ81/9SIJiq1NGFUMGs6ParyjBZr6jW2Ufj/snDqTHixNlHdPNwN2RLVD0Pi3igeK9+JfA=="
    },
    "http-signature": {
      "version": "1.2.0",
      "resolved": "https://registry.npmjs.org/http-signature/-/http-signature-1.2.0.tgz",
      "integrity": "sha1-muzZJRFHcvPZW2WmCruPfBj7rOE=",
      "requires": {
        "assert-plus": "1.0.0",
        "jsprim": "1.4.1",
        "sshpk": "1.14.1"
      }
    },
    "ieee754": {
      "version": "1.1.10",
      "resolved": "https://registry.npmjs.org/ieee754/-/ieee754-1.1.10.tgz",
      "integrity": "sha512-byWFX8OyW/qeVxcY21r6Ncxl0ZYHgnf0cPup2h34eHXrCJbOp7IuqnJ4Q0omfyWl6Z++BTI6bByf31pZt7iRLg=="
    },
    "immediate": {
      "version": "3.0.6",
      "resolved": "https://registry.npmjs.org/immediate/-/immediate-3.0.6.tgz",
      "integrity": "sha1-nbHb0Pr43m++D13V5Wu2BigN5ps="
    },
    "infinity-x": {
      "version": "1.0.2",
      "resolved": "https://registry.npmjs.org/infinity-x/-/infinity-x-1.0.2.tgz",
      "integrity": "sha512-2Ioz+exrAwlHxFBaDHQIbvUyjKFt0YjIal34/agfzx738aT1zBQwSU5A8Zgb1IQ2r24BtXrkeZZusxE40MyZaQ=="
    },
    "inherits": {
      "version": "2.0.3",
      "resolved": "https://registry.npmjs.org/inherits/-/inherits-2.0.3.tgz",
      "integrity": "sha1-Yzwsg+PaQqUC9SRmAiSA9CCCYd4="
    },
    "is-array-buffer-x": {
      "version": "1.7.0",
      "resolved": "https://registry.npmjs.org/is-array-buffer-x/-/is-array-buffer-x-1.7.0.tgz",
      "integrity": "sha512-ufSZRMY2WZX5xyNvk0NOZAG7cgi35B/sGQDGqv8w0X7MoQ2GC9vedanJhuYTPaC4PUCqLQsda1w7NF+dPZmAJw==",
      "requires": {
        "attempt-x": "1.1.3",
        "has-to-string-tag-x": "1.4.1",
        "is-object-like-x": "1.7.1",
        "object-get-own-property-descriptor-x": "3.2.0",
        "to-string-tag-x": "1.4.3"
      }
    },
    "is-date-object": {
      "version": "1.0.1",
      "resolved": "https://registry.npmjs.org/is-date-object/-/is-date-object-1.0.1.tgz",
      "integrity": "sha1-mqIOtq7rv/d/vTPnTKAbM1gdOhY="
    },
    "is-falsey-x": {
      "version": "1.0.3",
      "resolved": "https://registry.npmjs.org/is-falsey-x/-/is-falsey-x-1.0.3.tgz",
      "integrity": "sha512-RWjusR6LXAhGa0Vus7aD1rwJuJwdJsvG3daAVMDvOAgvGuGm4eilNgoSuXhpv2/2qpLDvioAKTNb3t3XYidCNg==",
      "requires": {
        "to-boolean-x": "1.0.3"
      }
    },
    "is-finite-x": {
      "version": "3.0.4",
      "resolved": "https://registry.npmjs.org/is-finite-x/-/is-finite-x-3.0.4.tgz",
      "integrity": "sha512-wdSI5zk/Pl21HzGcLWFoFzuDa8gsgcqhwZGAZryL2eU7RKf7+g+q4jL2gGItrBs/YtspkjOrJ4JxXNZqquoAWA==",
      "requires": {
        "infinity-x": "1.0.2",
        "is-nan-x": "1.0.3"
      }
    },
    "is-function-x": {
      "version": "3.3.0",
      "resolved": "https://registry.npmjs.org/is-function-x/-/is-function-x-3.3.0.tgz",
      "integrity": "sha512-SreSSU1dlgYaXR5c0mm4qJHKYHIiGiEY+7Cd8/aRLLoMP/VvofD2XcWgBnP833ajpU5XzXbUSpfysnfKZLJFlg==",
      "requires": {
        "attempt-x": "1.1.3",
        "has-to-string-tag-x": "1.4.1",
        "is-falsey-x": "1.0.3",
        "is-primitive": "2.0.0",
        "normalize-space-x": "3.0.0",
        "replace-comments-x": "2.0.0",
        "to-boolean-x": "1.0.3",
        "to-string-tag-x": "1.4.3"
      },
      "dependencies": {
        "is-primitive": {
          "version": "2.0.0",
          "resolved": "https://registry.npmjs.org/is-primitive/-/is-primitive-2.0.0.tgz",
          "integrity": "sha1-IHurkWOEmcB7Kt8kCkGochADRXU="
        }
      }
    },
    "is-index-x": {
      "version": "1.1.0",
      "resolved": "https://registry.npmjs.org/is-index-x/-/is-index-x-1.1.0.tgz",
      "integrity": "sha512-qULKLMepQLGC8rSVdi8uF2vI4LiDrU9XSDg1D+Aa657GIB7GV1jHpga7uXgQvkt/cpQ5mVBHUFTpSehYSqT6+A==",
      "requires": {
        "math-clamp-x": "1.2.0",
        "max-safe-integer": "1.0.1",
        "to-integer-x": "3.0.0",
        "to-number-x": "2.0.0",
        "to-string-symbols-supported-x": "1.0.2"
      }
    },
    "is-nan-x": {
      "version": "1.0.3",
      "resolved": "https://registry.npmjs.org/is-nan-x/-/is-nan-x-1.0.3.tgz",
      "integrity": "sha512-WenNBLVGSZID8shogsB++42vF7gvotCfneXM9KMCAKwNPXa8VfAu/RWwpqvnK7dLOP4Z7uitocb0TZ6rAiOccA=="
    },
    "is-nil-x": {
      "version": "1.4.2",
      "resolved": "https://registry.npmjs.org/is-nil-x/-/is-nil-x-1.4.2.tgz",
      "integrity": "sha512-9aDY7ir7IGb5HlgqL+b38v2YMxf8S7MEHHxjHGzUhijg2crq47RKdxL37bS6dU0VN87wy2IBZP4akgQtIXmyvg==",
      "requires": {
        "lodash.isnull": "3.0.0",
        "validate.io-undefined": "1.0.3"
      }
    },
    "is-object-like-x": {
      "version": "1.7.1",
      "resolved": "https://registry.npmjs.org/is-object-like-x/-/is-object-like-x-1.7.1.tgz",
      "integrity": "sha512-89nz+kESAW2Y7udq+PdRX/dZnRN2WP1b19Gdv4OYE1Xjoekn1xf31l0ZPzT40qdPD7I2nveNFm9rxxI0vmnGHA==",
      "requires": {
        "is-function-x": "3.3.0",
        "is-primitive": "3.0.0"
      }
    },
    "is-primitive": {
      "version": "3.0.0",
      "resolved": "https://registry.npmjs.org/is-primitive/-/is-primitive-3.0.0.tgz",
      "integrity": "sha512-Qch+MMfMdu7DMY6XElM7LUJKPmkbXdTqNhqyehVflzis2a8Zd9V6U8qZybb32uUSmlO/dNmg3fsA5t0Q9TC0mA=="
    },
    "is-string": {
      "version": "1.0.4",
      "resolved": "https://registry.npmjs.org/is-string/-/is-string-1.0.4.tgz",
      "integrity": "sha1-zDqbaYV9Yh6WNyWiTK7shzuCbmQ="
    },
    "is-symbol": {
      "version": "1.0.1",
      "resolved": "https://registry.npmjs.org/is-symbol/-/is-symbol-1.0.1.tgz",
      "integrity": "sha1-PMWfAAJRlLarLjjbrmaJJWtmBXI="
    },
    "is-typedarray": {
      "version": "1.0.0",
      "resolved": "https://registry.npmjs.org/is-typedarray/-/is-typedarray-1.0.0.tgz",
      "integrity": "sha1-5HnICFjfDBsR3dppQPlgEfzaSpo="
    },
    "isstream": {
      "version": "0.1.2",
      "resolved": "https://registry.npmjs.org/isstream/-/isstream-0.1.2.tgz",
      "integrity": "sha1-R+Y/evVa+m+S4VAOaQ64uFKcCZo="
    },
    "jsbn": {
      "version": "0.1.1",
      "resolved": "https://registry.npmjs.org/jsbn/-/jsbn-0.1.1.tgz",
      "integrity": "sha1-peZUwuWi3rXyAdls77yoDA7y9RM=",
      "optional": true
    },
    "json-schema": {
      "version": "0.2.3",
      "resolved": "https://registry.npmjs.org/json-schema/-/json-schema-0.2.3.tgz",
      "integrity": "sha1-tIDIkuWaLwWVTOcnvT8qTogvnhM="
    },
    "json-schema-traverse": {
      "version": "0.3.1",
      "resolved": "https://registry.npmjs.org/json-schema-traverse/-/json-schema-traverse-0.3.1.tgz",
      "integrity": "sha1-NJptRMU6Ud6JtAgFxdXlm0F9M0A="
    },
    "json-stringify-safe": {
      "version": "5.0.1",
      "resolved": "https://registry.npmjs.org/json-stringify-safe/-/json-stringify-safe-5.0.1.tgz",
      "integrity": "sha1-Epai1Y/UXxmg9s4B1lcB4sc1tus="
    },
    "jsprim": {
      "version": "1.4.1",
      "resolved": "https://registry.npmjs.org/jsprim/-/jsprim-1.4.1.tgz",
      "integrity": "sha1-MT5mvB5cwG5Di8G3SZwuXFastqI=",
      "requires": {
        "assert-plus": "1.0.0",
        "extsprintf": "1.3.0",
        "json-schema": "0.2.3",
        "verror": "1.10.0"
      }
    },
    "left-pad": {
      "version": "1.2.0",
      "resolved": "https://registry.npmjs.org/left-pad/-/left-pad-1.2.0.tgz",
      "integrity": "sha1-0wpzxrggHY99jnlWupYWCHpo4O4="
    },
    "lie": {
      "version": "3.1.1",
      "resolved": "https://registry.npmjs.org/lie/-/lie-3.1.1.tgz",
      "integrity": "sha1-mkNrLMd0bKWd56QfpGmz77dr2H4=",
      "requires": {
        "immediate": "3.0.6"
      }
    },
    "lodash.isnull": {
      "version": "3.0.0",
      "resolved": "https://registry.npmjs.org/lodash.isnull/-/lodash.isnull-3.0.0.tgz",
      "integrity": "sha1-+vvlnqHcon7teGU0A53YTC4HxW4="
    },
    "math-clamp-x": {
      "version": "1.2.0",
      "resolved": "https://registry.npmjs.org/math-clamp-x/-/math-clamp-x-1.2.0.tgz",
      "integrity": "sha512-tqpjpBcIf9UulApz3EjWXqTZpMlr2vLN9PryC9ghoyCuRmqZaf3JJhPddzgQpJnKLi2QhoFnvKBFtJekAIBSYg==",
      "requires": {
        "to-number-x": "2.0.0"
      }
    },
    "math-sign-x": {
      "version": "3.0.0",
      "resolved": "https://registry.npmjs.org/math-sign-x/-/math-sign-x-3.0.0.tgz",
      "integrity": "sha512-OzPas41Pn4d16KHnaXmGxxY3/l3zK4OIXtmIwdhgZsxz4FDDcNnbrABYPg2vGfxIkaT9ezGnzDviRH7RfF44jQ==",
      "requires": {
        "is-nan-x": "1.0.3",
        "to-number-x": "2.0.0"
      }
    },
    "max-safe-integer": {
      "version": "1.0.1",
      "resolved": "https://registry.npmjs.org/max-safe-integer/-/max-safe-integer-1.0.1.tgz",
      "integrity": "sha1-84BgvixWPYwC5tSK85Ei/YO29BA="
    },
    "mime-db": {
      "version": "1.33.0",
      "resolved": "https://registry.npmjs.org/mime-db/-/mime-db-1.33.0.tgz",
      "integrity": "sha512-BHJ/EKruNIqJf/QahvxwQZXKygOQ256myeN/Ew+THcAa5q+PjyTTMMeNQC4DZw5AwfvelsUrA6B67NKMqXDbzQ=="
    },
    "mime-types": {
      "version": "2.1.18",
      "resolved": "https://registry.npmjs.org/mime-types/-/mime-types-2.1.18.tgz",
      "integrity": "sha512-lc/aahn+t4/SWV/qcmumYjymLsWfN3ELhpmVuUFjgsORruuZPVSwAQryq+HHGvO/SI2KVX26bx+En+zhM8g8hQ==",
      "requires": {
        "mime-db": "1.33.0"
      }
    },
    "ms": {
      "version": "2.0.0",
      "resolved": "https://registry.npmjs.org/ms/-/ms-2.0.0.tgz",
      "integrity": "sha1-VgiurfwAvmwpAd9fmGF4jeDVl8g="
    },
    "nan-x": {
      "version": "1.0.2",
      "resolved": "https://registry.npmjs.org/nan-x/-/nan-x-1.0.2.tgz",
      "integrity": "sha512-dndRmy03JQEN+Nh6WjQl7/OstIozeEmrtWe4TE7mEqJ8W8oMD8m2tHjsLPWt//e3hLAeRSbs4pxMyc5pk/nCkQ=="
    },
    "normalize-space-x": {
      "version": "3.0.0",
      "resolved": "https://registry.npmjs.org/normalize-space-x/-/normalize-space-x-3.0.0.tgz",
      "integrity": "sha512-tbCJerqZCCHPst4rRKgsTanLf45fjOyeAU5zE3mhDxJtFJKt66q39g2XArWhXelgTFVib8mNBUm6Wrd0LxYcfQ==",
      "requires": {
        "cached-constructors-x": "1.0.2",
        "trim-x": "3.0.0",
        "white-space-x": "3.0.1"
      }
    },
    "oauth-sign": {
      "version": "0.8.2",
      "resolved": "https://registry.npmjs.org/oauth-sign/-/oauth-sign-0.8.2.tgz",
      "integrity": "sha1-Rqarfwrq2N6unsBWV4C31O/rnUM="
    },
    "object-get-own-property-descriptor-x": {
      "version": "3.2.0",
      "resolved": "https://registry.npmjs.org/object-get-own-property-descriptor-x/-/object-get-own-property-descriptor-x-3.2.0.tgz",
      "integrity": "sha512-Z/0fIrptD9YuzN+SNK/1kxAEaBcPQM4gSrtOSMSi9eplnL/AbyQcAyAlreAoAzmBon+DQ1Z+AdhxyQSvav5Fyg==",
      "requires": {
        "attempt-x": "1.1.3",
        "has-own-property-x": "3.2.0",
        "has-symbol-support-x": "1.4.2",
        "is-falsey-x": "1.0.3",
        "is-index-x": "1.1.0",
        "is-primitive": "2.0.0",
        "is-string": "1.0.4",
        "property-is-enumerable-x": "1.1.0",
        "to-object-x": "1.5.0",
        "to-property-key-x": "2.0.2"
      },
      "dependencies": {
        "is-primitive": {
          "version": "2.0.0",
          "resolved": "https://registry.npmjs.org/is-primitive/-/is-primitive-2.0.0.tgz",
          "integrity": "sha1-IHurkWOEmcB7Kt8kCkGochADRXU="
        }
      }
    },
    "parse-int-x": {
      "version": "2.0.0",
      "resolved": "https://registry.npmjs.org/parse-int-x/-/parse-int-x-2.0.0.tgz",
      "integrity": "sha512-NIMm52gmd1+0qxJK8lV3OZ4zzWpRH1xcz9xCHXl+DNzddwUdS4NEtd7BmTeK7iCIXoaK5e6BoDMHgieH2eNIhg==",
      "requires": {
        "cached-constructors-x": "1.0.2",
        "nan-x": "1.0.2",
        "to-string-x": "1.4.5",
        "trim-left-x": "3.0.0"
      }
    },
    "performance-now": {
      "version": "2.1.0",
      "resolved": "https://registry.npmjs.org/performance-now/-/performance-now-2.1.0.tgz",
      "integrity": "sha1-Ywn04OX6kT7BxpMHrjZLSzd8nns="
    },
    "pouchdb-abstract-mapreduce": {
      "version": "6.4.3",
      "resolved": "https://registry.npmjs.org/pouchdb-abstract-mapreduce/-/pouchdb-abstract-mapreduce-6.4.3.tgz",
      "integrity": "sha512-omSNRtSf5S/O6SdIy3RV5ODdftL7x0txoBKo2BBr72Ji1r3460ftRfKzurRnHwTYTPzxAZYqm2IkRExSqQRfNQ==",
      "requires": {
        "pouchdb-binary-utils": "6.4.3",
        "pouchdb-collate": "6.4.3",
        "pouchdb-collections": "6.4.3",
        "pouchdb-mapreduce-utils": "6.4.3",
        "pouchdb-md5": "6.4.3",
        "pouchdb-promise": "6.4.3",
        "pouchdb-utils": "6.4.3"
      }
    },
    "pouchdb-adapter-asyncstorage": {
      "version": "6.4.1",
      "resolved": "https://registry.npmjs.org/pouchdb-adapter-asyncstorage/-/pouchdb-adapter-asyncstorage-6.4.1.tgz",
      "integrity": "sha512-TNFKR/g1fHLaDgEdOo5GiUWSZ0BnlZZPtfaZSFgXEYJ7BbbBw6O0102Jxvvh75imnz8aroTcGSUGw9/OGQ8ZHQ==",
      "requires": {
        "atob": "2.0.3",
        "blob-polyfill": "2.0.20171115",
        "btoa": "1.1.2",
        "buffer": "5.1.0",
        "events": "1.1.1",
        "left-pad": "1.2.0",
        "pouchdb-adapter-utils": "6.4.3",
        "pouchdb-binary-utils": "6.4.3",
        "pouchdb-errors": "6.4.3",
        "pouchdb-json": "6.4.3",
        "pouchdb-merge": "6.4.3",
        "pouchdb-utils": "6.4.3",
        "spark-md5": "3.0.0"
      }
    },
    "pouchdb-adapter-http": {
      "version": "6.4.3",
      "resolved": "https://registry.npmjs.org/pouchdb-adapter-http/-/pouchdb-adapter-http-6.4.3.tgz",
      "integrity": "sha512-4z3nePxJVH/O1tx0v8h2XXtkT0YdN34+QjXIz7ujBK8ioobb7Dmi7YqFKr6Yv8g9tKslzl4nxrOQk3HBV/dbhA==",
      "requires": {
        "argsarray": "0.0.1",
        "pouchdb-ajax": "6.4.3",
        "pouchdb-binary-utils": "6.4.3",
        "pouchdb-errors": "6.4.3",
        "pouchdb-promise": "6.4.3",
        "pouchdb-utils": "6.4.3"
      }
    },
    "pouchdb-adapter-utils": {
      "version": "6.4.3",
      "resolved": "https://registry.npmjs.org/pouchdb-adapter-utils/-/pouchdb-adapter-utils-6.4.3.tgz",
      "integrity": "sha512-P0BgU82tpGxr94CmSj6HA+/20AlQroaxjeHpBkbuntfCybl9TD2F0DJiKRPaU5RvTz6V+emHZQgmlrfHCs+Jhg==",
      "requires": {
        "pouchdb-binary-utils": "6.4.3",
        "pouchdb-collections": "6.4.3",
        "pouchdb-errors": "6.4.3",
        "pouchdb-md5": "6.4.3",
        "pouchdb-merge": "6.4.3",
        "pouchdb-promise": "6.4.3",
        "pouchdb-utils": "6.4.3"
      }
    },
    "pouchdb-ajax": {
      "version": "6.4.3",
      "resolved": "https://registry.npmjs.org/pouchdb-ajax/-/pouchdb-ajax-6.4.3.tgz",
      "integrity": "sha512-3ySZrbEYjbosXShWFLk3xW8prrrUOG8z5aXKy+6lK/nokqdpqGj9NQX/gffy15VcDswbJyQtKpVQRevQlLuAGA==",
      "requires": {
        "buffer-from": "0.1.1",
        "pouchdb-binary-utils": "6.4.3",
        "pouchdb-errors": "6.4.3",
        "pouchdb-promise": "6.4.3",
        "pouchdb-utils": "6.4.3",
        "request": "2.83.0"
      }
    },
    "pouchdb-binary-utils": {
      "version": "6.4.3",
      "resolved": "https://registry.npmjs.org/pouchdb-binary-utils/-/pouchdb-binary-utils-6.4.3.tgz",
      "integrity": "sha512-eRKH/1eiZwrqNdAR3CL1XIIkq04I9hHIABHwIRboz1LjBSchKmaf4ZDngiWGDvRYT9Gl/MogGDGOk1WRMoV4wg==",
      "requires": {
        "buffer-from": "0.1.1"
      }
    },
    "pouchdb-changes-filter": {
      "version": "6.4.3",
      "resolved": "https://registry.npmjs.org/pouchdb-changes-filter/-/pouchdb-changes-filter-6.4.3.tgz",
      "integrity": "sha512-u90MocOmysuwXmKsz8dgDKGrbzYY/M2POghqGqy6PMUI3vzq4YEwGB/gWym06alI1pQzMKjpZ20KTzwRDC/6zQ==",
      "requires": {
        "pouchdb-errors": "6.4.3",
        "pouchdb-selector-core": "6.4.3",
        "pouchdb-utils": "6.4.3"
      }
    },
    "pouchdb-checkpointer": {
      "version": "6.4.3",
      "resolved": "https://registry.npmjs.org/pouchdb-checkpointer/-/pouchdb-checkpointer-6.4.3.tgz",
      "integrity": "sha512-4FmuhYeJPA73pjxLhAsMbPyXNMRRXf0QYTNEbBiTXo8Oks6NOQUBAm/vD6xnI1eY/SC6Am6QHqXjhkhNQceUhA==",
      "requires": {
        "pouchdb-collate": "6.4.3",
        "pouchdb-promise": "6.4.3",
        "pouchdb-utils": "6.4.3"
      }
    },
    "pouchdb-collate": {
      "version": "6.4.3",
      "resolved": "https://registry.npmjs.org/pouchdb-collate/-/pouchdb-collate-6.4.3.tgz",
      "integrity": "sha512-iwKAdc8vjLx8AzxBFnfV24Hp4FkbADTUcuQl/2IUOaF8JzZ/wVYa0DgBd+uErk2rj5yf1HxFp+5/9EgHV4PxAw=="
    },
    "pouchdb-collections": {
      "version": "6.4.3",
      "resolved": "https://registry.npmjs.org/pouchdb-collections/-/pouchdb-collections-6.4.3.tgz",
      "integrity": "sha512-uWb9+hvjiijeyrCeEz/FUND1oj0AQK/f166egBOTofNlAwQLNrJUTn+uJ34b3NODAmKhg7+ZeDVvnl9D2pijuQ=="
    },
    "pouchdb-core": {
      "version": "6.4.3",
      "resolved": "https://registry.npmjs.org/pouchdb-core/-/pouchdb-core-6.4.3.tgz",
      "integrity": "sha512-ZYYgdHdhDQBnnzuKsjhbi71SZO+/wRI1gk8b0u50LkXnDja0muhHX+fEAy3oHkybHOaal3u369XhPIV7TefWRQ==",
      "requires": {
        "argsarray": "0.0.1",
        "inherits": "2.0.3",
        "pouchdb-changes-filter": "6.4.3",
        "pouchdb-collections": "6.4.3",
        "pouchdb-debug": "6.4.3",
        "pouchdb-errors": "6.4.3",
        "pouchdb-merge": "6.4.3",
        "pouchdb-promise": "6.4.3",
        "pouchdb-utils": "6.4.3"
      }
    },
    "pouchdb-debug": {
      "version": "6.4.3",
      "resolved": "https://registry.npmjs.org/pouchdb-debug/-/pouchdb-debug-6.4.3.tgz",
      "integrity": "sha512-uU3JrSBJSREAN9mtXaaQTWgTukPx5ik6TyFx/0BrxonsJ8WWxqRWiuQKtCVOfTKP1XRUY0Ed9uKlS2iw1MmZtA==",
      "requires": {
        "debug": "3.1.0"
      }
    },
    "pouchdb-errors": {
      "version": "6.4.3",
      "resolved": "https://registry.npmjs.org/pouchdb-errors/-/pouchdb-errors-6.4.3.tgz",
      "integrity": "sha512-EU83ZZJjorwGL9DQZ9HAILY8D+ulX2RYVMtsCfIuzaIJEUrHh/dhSIy5854n42NBOUWug3gFDyO58w5k+64HTQ==",
      "requires": {
        "inherits": "2.0.3"
      }
    },
    "pouchdb-generate-replication-id": {
      "version": "6.4.3",
      "resolved": "https://registry.npmjs.org/pouchdb-generate-replication-id/-/pouchdb-generate-replication-id-6.4.3.tgz",
      "integrity": "sha512-RBgT/67gPd4B7KJP4vcNpYplNpOFVx8A/Nof9MEIrGQ/wqd73bqL/YJDLCsZd1IlR8+3FyrhYxN3xsTt1cUuiA==",
      "requires": {
        "pouchdb-collate": "6.4.3",
        "pouchdb-md5": "6.4.3",
        "pouchdb-promise": "6.4.3"
      }
    },
    "pouchdb-json": {
      "version": "6.4.3",
      "resolved": "https://registry.npmjs.org/pouchdb-json/-/pouchdb-json-6.4.3.tgz",
      "integrity": "sha512-ou9tDxySHKQv7uU8BjggVjtzNdeim/IcGYhF4yyN2wj4HqJqlanG9l0Rab6tBkCR6px5Gt5e9yCoas5bBZqiGw==",
      "requires": {
        "vuvuzela": "1.0.3"
      }
    },
    "pouchdb-mapreduce": {
      "version": "6.4.3",
      "resolved": "https://registry.npmjs.org/pouchdb-mapreduce/-/pouchdb-mapreduce-6.4.3.tgz",
      "integrity": "sha512-hffB4/ecq5HwLPztRZrTDf/BgzwjvRDJQjTcVJ4h/Jd8g7jGkkPUUcXP4ky7lOf2DBG9hEDFo1/dE1IlMJmqSg==",
      "requires": {
        "pouchdb-abstract-mapreduce": "6.4.3",
        "pouchdb-mapreduce-utils": "6.4.3",
        "pouchdb-utils": "6.4.3"
      }
    },
    "pouchdb-mapreduce-utils": {
      "version": "6.4.3",
      "resolved": "https://registry.npmjs.org/pouchdb-mapreduce-utils/-/pouchdb-mapreduce-utils-6.4.3.tgz",
      "integrity": "sha512-gbxX6h+nOKPDv2eYZznUthHiZ1Ml1xViE8DalEy6+fPzCba6CZ6dTKGZoFrBg4oLF3Wc+cUNX9Uk8cezVMGOhA==",
      "requires": {
        "argsarray": "0.0.1",
        "inherits": "2.0.3",
        "pouchdb-collections": "6.4.3",
        "pouchdb-utils": "6.4.3"
      }
    },
    "pouchdb-md5": {
      "version": "6.4.3",
      "resolved": "https://registry.npmjs.org/pouchdb-md5/-/pouchdb-md5-6.4.3.tgz",
      "integrity": "sha512-EnToEO+JLJA5bHDYWs42B8hU9Q1TckVozQjTSXL/pDXKXLATuVEKHNq8F/4lrpxblpngx4Zt8z2Luwu0etLSqw==",
      "requires": {
        "pouchdb-binary-utils": "6.4.3",
        "spark-md5": "3.0.0"
      }
    },
    "pouchdb-merge": {
      "version": "6.4.3",
      "resolved": "https://registry.npmjs.org/pouchdb-merge/-/pouchdb-merge-6.4.3.tgz",
      "integrity": "sha512-UuSpex/V1kNr1aXcmg+TQlOdjzMWc08AX/Ja6jrPq9J42M97UFF+7Ijx3JllxDK0j6QJZrvhpvjFzsRhFC4+zw=="
    },
    "pouchdb-promise": {
      "version": "6.4.3",
      "resolved": "https://registry.npmjs.org/pouchdb-promise/-/pouchdb-promise-6.4.3.tgz",
      "integrity": "sha512-ruJaSFXwzsxRHQfwNHjQfsj58LBOY1RzGzde4PM5CWINZwFjCQAhZwfMrch2o/0oZT6d+Xtt0HTWhq35p3b0qw==",
      "requires": {
        "lie": "3.1.1"
      }
    },
    "pouchdb-replication": {
      "version": "6.4.3",
      "resolved": "https://registry.npmjs.org/pouchdb-replication/-/pouchdb-replication-6.4.3.tgz",
      "integrity": "sha512-bH1U0OG1CskQ3Qwt5FSlFwCEGwC2mIrmQsAY9a4RuET71DgE3KxnAUQxsDQKcX7w/sr3ZaEIQRQjRKoHICNhkA==",
      "requires": {
        "inherits": "2.0.3",
        "pouchdb-checkpointer": "6.4.3",
        "pouchdb-errors": "6.4.3",
        "pouchdb-generate-replication-id": "6.4.3",
        "pouchdb-promise": "6.4.3",
        "pouchdb-utils": "6.4.3"
      }
    },
    "pouchdb-selector-core": {
      "version": "6.4.3",
      "resolved": "https://registry.npmjs.org/pouchdb-selector-core/-/pouchdb-selector-core-6.4.3.tgz",
      "integrity": "sha512-Wx+gPE2cC5AsuNQrelaWQV3J3U75MkcxIYsQeIBHaEth/WOxjQ3MTWGwKdyaNdVX8Opp8Sj7VFRIZpI+HubQ4g==",
      "requires": {
        "pouchdb-collate": "6.4.3",
        "pouchdb-utils": "6.4.3"
      }
    },
    "pouchdb-utils": {
      "version": "6.4.3",
      "resolved": "https://registry.npmjs.org/pouchdb-utils/-/pouchdb-utils-6.4.3.tgz",
      "integrity": "sha512-22QXh743YXl/afheeumrUKsO/0Q4Q8bvoboFp/1quXq//BDJa9nv55WUZX0l05t3VPW+nD/pse2FzU9cs3nEag==",
      "requires": {
        "argsarray": "0.0.1",
        "clone-buffer": "1.0.0",
        "immediate": "3.0.6",
        "inherits": "2.0.3",
        "pouchdb-collections": "6.4.3",
        "pouchdb-errors": "6.4.3",
        "pouchdb-promise": "6.4.3",
        "uuid": "3.2.1"
      }
    },
    "property-is-enumerable-x": {
      "version": "1.1.0",
      "resolved": "https://registry.npmjs.org/property-is-enumerable-x/-/property-is-enumerable-x-1.1.0.tgz",
      "integrity": "sha512-22cKy3w3OpRswU6to9iKWDDlg+F9vF2REcwGlGW23jyLjHb1U/jJEWA44sWupOnkhGfDgotU6Lw+N2oyhNi+5A==",
      "requires": {
        "to-object-x": "1.5.0",
        "to-property-key-x": "2.0.2"
      }
    },
    "punycode": {
      "version": "1.4.1",
      "resolved": "https://registry.npmjs.org/punycode/-/punycode-1.4.1.tgz",
      "integrity": "sha1-wNWmOycYgArY4esPpSachN1BhF4="
    },
    "qs": {
      "version": "6.5.1",
      "resolved": "https://registry.npmjs.org/qs/-/qs-6.5.1.tgz",
      "integrity": "sha512-eRzhrN1WSINYCDCbrz796z37LOe3m5tmW7RQf6oBntukAG1nmovJvhnwHHRMAfeoItc1m2Hk02WER2aQ/iqs+A=="
    },
    "replace-comments-x": {
      "version": "2.0.0",
      "resolved": "https://registry.npmjs.org/replace-comments-x/-/replace-comments-x-2.0.0.tgz",
      "integrity": "sha512-+vMP4jqU+8HboLWms6YMNEiaZG5hh1oR6ENCnGYDF/UQ7aYiJUK/8tcl3+KZAHRCKKa3gqzrfiarlUBHQSgRlg==",
      "requires": {
        "require-coercible-to-string-x": "1.0.2",
        "to-string-x": "1.4.5"
      }
    },
    "request": {
      "version": "2.83.0",
      "resolved": "https://registry.npmjs.org/request/-/request-2.83.0.tgz",
      "integrity": "sha512-lR3gD69osqm6EYLk9wB/G1W/laGWjzH90t1vEa2xuxHD5KUrSzp9pUSfTm+YC5Nxt2T8nMPEvKlhbQayU7bgFw==",
      "requires": {
        "aws-sign2": "0.7.0",
        "aws4": "1.6.0",
        "caseless": "0.12.0",
        "combined-stream": "1.0.6",
        "extend": "3.0.1",
        "forever-agent": "0.6.1",
        "form-data": "2.3.2",
        "har-validator": "5.0.3",
        "hawk": "6.0.2",
        "http-signature": "1.2.0",
        "is-typedarray": "1.0.0",
        "isstream": "0.1.2",
        "json-stringify-safe": "5.0.1",
        "mime-types": "2.1.18",
        "oauth-sign": "0.8.2",
        "performance-now": "2.1.0",
        "qs": "6.5.1",
        "safe-buffer": "5.1.1",
        "stringstream": "0.0.5",
        "tough-cookie": "2.3.4",
        "tunnel-agent": "0.6.0",
        "uuid": "3.2.1"
      }
    },
    "require-coercible-to-string-x": {
      "version": "1.0.2",
      "resolved": "https://registry.npmjs.org/require-coercible-to-string-x/-/require-coercible-to-string-x-1.0.2.tgz",
      "integrity": "sha512-GZ3BSCL0n/zhho8ITganW9FGPh0Kxhq71nCjck8Qau/30Wf4Po8a3XpQdzEMFiXCwZ/0m0E3lKSdSG8gkcIofQ==",
      "requires": {
        "require-object-coercible-x": "1.4.3",
        "to-string-x": "1.4.5"
      }
    },
    "require-object-coercible-x": {
      "version": "1.4.3",
      "resolved": "https://registry.npmjs.org/require-object-coercible-x/-/require-object-coercible-x-1.4.3.tgz",
      "integrity": "sha512-5wEaS+NIiU5HLJQTqBQ+6XHtX7yplUS374j/H/nRDlc7rMWfENqp026jnUHWAOCZ+ekixkXuFHEnTF28oqqVLA==",
      "requires": {
        "is-nil-x": "1.4.2"
      }
    },
    "safe-buffer": {
      "version": "5.1.1",
      "resolved": "https://registry.npmjs.org/safe-buffer/-/safe-buffer-5.1.1.tgz",
      "integrity": "sha512-kKvNJn6Mm93gAczWVJg7wH+wGYWNrDHdWvpUmHyEsgCtIwwo3bqPtV4tR5tuPaUhTOo/kvhVwd8XwwOllGYkbg=="
    },
    "sntp": {
      "version": "2.1.0",
      "resolved": "https://registry.npmjs.org/sntp/-/sntp-2.1.0.tgz",
      "integrity": "sha512-FL1b58BDrqS3A11lJ0zEdnJ3UOKqVxawAkF3k7F0CVN7VQ34aZrV+G8BZ1WC9ZL7NyrwsW0oviwsWDgRuVYtJg==",
      "requires": {
        "hoek": "4.2.1"
      }
    },
    "spark-md5": {
      "version": "3.0.0",
      "resolved": "https://registry.npmjs.org/spark-md5/-/spark-md5-3.0.0.tgz",
      "integrity": "sha1-NyIifFTi+vJLHcbZM8wUTm9xv+8="
    },
    "sshpk": {
      "version": "1.14.1",
      "resolved": "https://registry.npmjs.org/sshpk/-/sshpk-1.14.1.tgz",
      "integrity": "sha1-Ew9Zde3a2WPx1W+SuaxsUfqfg+s=",
      "requires": {
        "asn1": "0.2.3",
        "assert-plus": "1.0.0",
        "bcrypt-pbkdf": "1.0.1",
        "dashdash": "1.14.1",
        "ecc-jsbn": "0.1.1",
        "getpass": "0.1.7",
        "jsbn": "0.1.1",
        "tweetnacl": "0.14.5"
      }
    },
    "stringstream": {
      "version": "0.0.5",
      "resolved": "https://registry.npmjs.org/stringstream/-/stringstream-0.0.5.tgz",
      "integrity": "sha1-TkhM1N5aC7vuGORjB3EKioFiGHg="
    },
    "to-boolean-x": {
      "version": "1.0.3",
      "resolved": "https://registry.npmjs.org/to-boolean-x/-/to-boolean-x-1.0.3.tgz",
      "integrity": "sha512-kQiMyJUgFprL8J+0CfgJuaSFKJMs3EvFe27/6aj/hVzVZT0HY4aA1QjPldLNxzBmjhLcapp7CctYHuD8QqtS3g=="
    },
    "to-integer-x": {
      "version": "3.0.0",
      "resolved": "https://registry.npmjs.org/to-integer-x/-/to-integer-x-3.0.0.tgz",
      "integrity": "sha512-794L2Lpwjtynm7RxahJi2YdbRY75gTxUW27TMuN26UgwPkmJb/+HPhkFEFbz+E4vNoiP0dxq5tq5fkXoXLaK/w==",
      "requires": {
        "is-finite-x": "3.0.4",
        "is-nan-x": "1.0.3",
        "math-sign-x": "3.0.0",
        "to-number-x": "2.0.0"
      }
    },
    "to-number-x": {
      "version": "2.0.0",
      "resolved": "https://registry.npmjs.org/to-number-x/-/to-number-x-2.0.0.tgz",
      "integrity": "sha512-lGOnCoccUoSzjZ/9Uen8TC4+VFaQcFGhTroWTv2tYWxXgyJV1zqAZ8hEIMkez/Eo790fBMOjidTnQ/OJSCvAoQ==",
      "requires": {
        "cached-constructors-x": "1.0.2",
        "nan-x": "1.0.2",
        "parse-int-x": "2.0.0",
        "to-primitive-x": "1.1.0",
        "trim-x": "3.0.0"
      }
    },
    "to-object-x": {
      "version": "1.5.0",
      "resolved": "https://registry.npmjs.org/to-object-x/-/to-object-x-1.5.0.tgz",
      "integrity": "sha512-AKn5GQcdWky+s20vjWkt+Wa6y3dxQH3yQyMBhOfBOPldUwqwhgvlqcIg5H092ntNc+TX8/Cxzs1kMHH19pyCnA==",
      "requires": {
        "cached-constructors-x": "1.0.2",
        "require-object-coercible-x": "1.4.3"
      }
    },
    "to-primitive-x": {
      "version": "1.1.0",
      "resolved": "https://registry.npmjs.org/to-primitive-x/-/to-primitive-x-1.1.0.tgz",
      "integrity": "sha512-gyMY0gi3wjK3e4MUBKqv9Zl8QGcWguIkaUr2VJmoBEsOpDcpDZSEyljR773eVG4maS48uX7muLkoQoh/BA82OQ==",
      "requires": {
        "has-symbol-support-x": "1.4.2",
        "is-date-object": "1.0.1",
        "is-function-x": "3.3.0",
        "is-nil-x": "1.4.2",
        "is-primitive": "2.0.0",
        "is-symbol": "1.0.1",
        "require-object-coercible-x": "1.4.3",
        "validate.io-undefined": "1.0.3"
      },
      "dependencies": {
        "is-primitive": {
          "version": "2.0.0",
          "resolved": "https://registry.npmjs.org/is-primitive/-/is-primitive-2.0.0.tgz",
          "integrity": "sha1-IHurkWOEmcB7Kt8kCkGochADRXU="
        }
      }
    },
    "to-property-key-x": {
      "version": "2.0.2",
      "resolved": "https://registry.npmjs.org/to-property-key-x/-/to-property-key-x-2.0.2.tgz",
      "integrity": "sha512-YISLpZFYIazNm0P8hLsKEEUEZ3m8U3+eDysJZqTu3+B9tQp+2TrMpaEGT8Agh4fZ5LSoums60/glNEzk5ozqrg==",
      "requires": {
        "has-symbol-support-x": "1.4.2",
        "to-primitive-x": "1.1.0",
        "to-string-x": "1.4.5"
      }
    },
    "to-string-symbols-supported-x": {
      "version": "1.0.2",
      "resolved": "https://registry.npmjs.org/to-string-symbols-supported-x/-/to-string-symbols-supported-x-1.0.2.tgz",
      "integrity": "sha512-3MRqhIhSNVDsVAk4M6WNcuBZrAQe54W13xrXX6RzxXS+pA4nj6DQ96RegQS5z9BSNyYbFsBsPvMVDIpP+a/5RA==",
      "requires": {
        "cached-constructors-x": "1.0.2",
        "has-symbol-support-x": "1.4.2",
        "is-symbol": "1.0.1"
      }
    },
    "to-string-tag-x": {
      "version": "1.4.3",
      "resolved": "https://registry.npmjs.org/to-string-tag-x/-/to-string-tag-x-1.4.3.tgz",
      "integrity": "sha512-5+0EZ6dOVt/XArXmkooxPzWxmOR081HM/uXitUow7h11WYg5pPo15uYqDWuqO7ZY+O3Atn/dG26wcJCK+mFevg==",
      "requires": {
        "lodash.isnull": "3.0.0",
        "validate.io-undefined": "1.0.3"
      }
    },
    "to-string-x": {
      "version": "1.4.5",
      "resolved": "https://registry.npmjs.org/to-string-x/-/to-string-x-1.4.5.tgz",
      "integrity": "sha512-5xzlZDyDa9BUWNjNzZzHgKQ95PnV7qjvEhbqpFaj1ixaHgfJXOFaa3xdMJ+WLYd4hhaMJaxt8Pt5uKaWXfruXA==",
      "requires": {
        "cached-constructors-x": "1.0.2",
        "is-symbol": "1.0.1"
      }
    },
    "tough-cookie": {
      "version": "2.3.4",
      "resolved": "https://registry.npmjs.org/tough-cookie/-/tough-cookie-2.3.4.tgz",
      "integrity": "sha512-TZ6TTfI5NtZnuyy/Kecv+CnoROnyXn2DN97LontgQpCwsX2XyLYCC0ENhYkehSOwAp8rTQKc/NUIF7BkQ5rKLA==",
      "requires": {
        "punycode": "1.4.1"
      }
    },
    "trim-left-x": {
      "version": "3.0.0",
      "resolved": "https://registry.npmjs.org/trim-left-x/-/trim-left-x-3.0.0.tgz",
      "integrity": "sha512-+m6cqkppI+CxQBTwWEZliOHpOBnCArGyMnS1WCLb6IRgukhTkiQu/TNEN5Lj2eM9jk8ewJsc7WxFZfmwNpRXWQ==",
      "requires": {
        "cached-constructors-x": "1.0.2",
        "require-coercible-to-string-x": "1.0.2",
        "white-space-x": "3.0.1"
      }
    },
    "trim-right-x": {
      "version": "3.0.0",
      "resolved": "https://registry.npmjs.org/trim-right-x/-/trim-right-x-3.0.0.tgz",
      "integrity": "sha512-iIqEsWEbWVodqdixJHi4FoayJkUxhoL4AvSNGp4FF4FfQKRPGizt8++/RnyC9od75y7P/S6EfONoVqP+NddiKA==",
      "requires": {
        "cached-constructors-x": "1.0.2",
        "require-coercible-to-string-x": "1.0.2",
        "white-space-x": "3.0.1"
      }
    },
    "trim-x": {
      "version": "3.0.0",
      "resolved": "https://registry.npmjs.org/trim-x/-/trim-x-3.0.0.tgz",
      "integrity": "sha512-w8s38RAUScQ6t3XqMkS75iz5ZkIYLQpVnv2lp3IuTS36JdlVzC54oe6okOf4Wz3UH4rr3XAb2xR3kR5Xei82fw==",
      "requires": {
        "trim-left-x": "3.0.0",
        "trim-right-x": "3.0.0"
      }
    },
    "tunnel-agent": {
      "version": "0.6.0",
      "resolved": "https://registry.npmjs.org/tunnel-agent/-/tunnel-agent-0.6.0.tgz",
      "integrity": "sha1-J6XeoGs2sEoKmWZ3SykIaPD8QP0=",
      "requires": {
        "safe-buffer": "5.1.1"
      }
    },
    "tweetnacl": {
      "version": "0.14.5",
      "resolved": "https://registry.npmjs.org/tweetnacl/-/tweetnacl-0.14.5.tgz",
      "integrity": "sha1-WuaBd/GS1EViadEIr6k/+HQ/T2Q=",
      "optional": true
    },
    "uuid": {
      "version": "3.2.1",
      "resolved": "https://registry.npmjs.org/uuid/-/uuid-3.2.1.tgz",
      "integrity": "sha512-jZnMwlb9Iku/O3smGWvZhauCf6cvvpKi4BKRiliS3cxnI+Gz9j5MEpTz2UFuXiKPJocb7gnsLHwiS05ige5BEA=="
    },
    "validate.io-undefined": {
      "version": "1.0.3",
      "resolved": "https://registry.npmjs.org/validate.io-undefined/-/validate.io-undefined-1.0.3.tgz",
      "integrity": "sha1-fif8uzFbhB54JDQxiXZxkp4gt/Q="
    },
    "verror": {
      "version": "1.10.0",
      "resolved": "https://registry.npmjs.org/verror/-/verror-1.10.0.tgz",
      "integrity": "sha1-OhBcoXBTr1XW4nDB+CiGguGNpAA=",
      "requires": {
        "assert-plus": "1.0.0",
        "core-util-is": "1.0.2",
        "extsprintf": "1.3.0"
      }
    },
    "vuvuzela": {
      "version": "1.0.3",
      "resolved": "https://registry.npmjs.org/vuvuzela/-/vuvuzela-1.0.3.tgz",
      "integrity": "sha1-O+FF5YJxxzylUnndhR8SpoIRSws="
    },
    "white-space-x": {
      "version": "3.0.1",
      "resolved": "https://registry.npmjs.org/white-space-x/-/white-space-x-3.0.1.tgz",
      "integrity": "sha512-BwMFXQNPna/4RsNPOgldVYn+FkEv+lc3wUiFzuaW6Z2DH/oSk1UrRD6SBqDgWQO4JU+aBq3PVuPD9Vz0j7mh0w=="
    }
  }
}
