{
  "name": "pouchdb-react-native",
  "version": "7.0.0-beta-1",
  "lockfileVersion": 1,
  "requires": true,
  "dependencies": {
    "argsarray": {
      "version": "0.0.1",
      "resolved": "https://registry.npmjs.org/argsarray/-/argsarray-0.0.1.tgz",
      "integrity": "sha1-bnIHtOzbObCviDA/pa4ivajfYcs="
    },
    "atob": {
      "version": "2.1.1",
      "resolved": "https://registry.npmjs.org/atob/-/atob-2.1.1.tgz",
      "integrity": "sha1-ri1acpR38onWDdf5amMUoi3Wwio="
    },
    "base64-js": {
      "version": "1.3.0",
      "resolved": "https://registry.npmjs.org/base64-js/-/base64-js-1.3.0.tgz",
      "integrity": "sha512-ccav/yGvoa80BQDljCxsmmQ3Xvx60/UpBIij5QN21W3wBi/hhIC9OoO+KLpu9IJTS9j4DRVJ3aDDF9cMSoa2lw=="
    },
    "blob-polyfill": {
      "version": "3.0.20180112",
      "resolved": "https://registry.npmjs.org/blob-polyfill/-/blob-polyfill-3.0.20180112.tgz",
      "integrity": "sha512-DX/47MXO+hNuEhuZRW9/yykNoCe7E/ywcPKtPVqGPRwLlowN811xi/3yVMQkE2fhTGHfrH8O9BMuhM7IdcRyew=="
    },
    "btoa": {
      "version": "1.2.1",
      "resolved": "https://registry.npmjs.org/btoa/-/btoa-1.2.1.tgz",
      "integrity": "sha512-SB4/MIGlsiVkMcHmT+pSmIPoNDoHg+7cMzmt3Uxt628MTz2487DKSqK/fuhFBrkuqrYv5UCEnACpF4dTFNKc/g=="
    },
    "buffer": {
      "version": "5.2.0",
      "resolved": "https://registry.npmjs.org/buffer/-/buffer-5.2.0.tgz",
      "integrity": "sha512-nUJyfChH7PMJy75eRDCCKtszSEFokUNXC1hNVSe+o+VdcgvDPLs20k3v8UXI8ruRYAJiYtyRea8mYyqPxoHWDw==",
      "requires": {
        "base64-js": "^1.0.2",
        "ieee754": "^1.1.4"
      }
    },
    "buffer-from": {
      "version": "1.1.0",
      "resolved": "https://registry.npmjs.org/buffer-from/-/buffer-from-1.1.0.tgz",
      "integrity": "sha512-c5mRlguI/Pe2dSZmpER62rSCu0ryKmWddzRYsuXc50U2/g8jMOulc31VZMa4mYx31U5xsmSOpDCgH88Vl9cDGQ=="
    },
    "clone-buffer": {
      "version": "1.0.0",
      "resolved": "https://registry.npmjs.org/clone-buffer/-/clone-buffer-1.0.0.tgz",
      "integrity": "sha1-4+JbIHrE5wGvch4staFnksrD3Fg="
    },
    "es6-denodeify": {
      "version": "0.1.5",
      "resolved": "https://registry.npmjs.org/es6-denodeify/-/es6-denodeify-0.1.5.tgz",
      "integrity": "sha1-MdTV/pxVA+ElRgQ5MQ4WoqPznB8="
    },
    "events": {
      "version": "3.0.0",
      "resolved": "https://registry.npmjs.org/events/-/events-3.0.0.tgz",
      "integrity": "sha512-Dc381HFWJzEOhQ+d8pkNon++bk9h6cdAoAj4iE6Q4y6xgTzySWXlKn05/TVNpjnfRqi/X0EpJEJohPjNI3zpVA=="
    },
    "fetch-cookie": {
      "version": "0.7.0",
      "resolved": "https://registry.npmjs.org/fetch-cookie/-/fetch-cookie-0.7.0.tgz",
      "integrity": "sha512-Mm5pGlT3agW6t71xVM7vMZPIvI7T4FaTuFW4jari6dVzYHFDb3WZZsGpN22r/o3XMdkM0E7sPd1EGeyVbH2Tgg==",
      "requires": {
        "es6-denodeify": "^0.1.1",
        "tough-cookie": "^2.3.1"
      }
    },
    "ieee754": {
      "version": "1.1.12",
      "resolved": "https://registry.npmjs.org/ieee754/-/ieee754-1.1.12.tgz",
      "integrity": "sha512-GguP+DRY+pJ3soyIiGPTvdiVXjZ+DbXOxGpXn3eMvNW4x4irjqXm4wHKscC+TfxSJ0yw/S1F24tqdMNsMZTiLA=="
    },
    "immediate": {
      "version": "3.0.6",
      "resolved": "https://registry.npmjs.org/immediate/-/immediate-3.0.6.tgz",
      "integrity": "sha1-nbHb0Pr43m++D13V5Wu2BigN5ps="
    },
    "inherits": {
      "version": "2.0.3",
      "resolved": "https://registry.npmjs.org/inherits/-/inherits-2.0.3.tgz",
      "integrity": "sha1-Yzwsg+PaQqUC9SRmAiSA9CCCYd4="
    },
    "left-pad": {
      "version": "1.3.0",
      "resolved": "https://registry.npmjs.org/left-pad/-/left-pad-1.3.0.tgz",
      "integrity": "sha512-XI5MPzVNApjAyhQzphX8BkmKsKUxD4LdyK24iZeQGinBN9yTQT3bFlCBy/aVx2HrNcqQGsdot8ghrjyrvMCoEA=="
    },
    "node-fetch": {
      "version": "2.2.0",
      "resolved": "https://registry.npmjs.org/node-fetch/-/node-fetch-2.2.0.tgz",
      "integrity": "sha512-OayFWziIxiHY8bCUyLX6sTpDH8Jsbp4FfYd1j1f7vZyfgkcOnAyM4oQR16f8a0s7Gl/viMGRey8eScYk4V4EZA=="
    },
    "pouchdb-abstract-mapreduce": {
      "version": "7.0.0",
      "resolved": "https://registry.npmjs.org/pouchdb-abstract-mapreduce/-/pouchdb-abstract-mapreduce-7.0.0.tgz",
      "integrity": "sha512-C1sb9AIJYTFOUPtuPaAYBCfd09DK82LmeYEtM4h1Z+wG76zj9U1NEg8T+CwxcpOF7eX3ZN5EmSfa3k/ZlyMUgQ==",
      "requires": {
        "pouchdb-binary-utils": "7.0.0",
        "pouchdb-collate": "7.0.0",
        "pouchdb-collections": "7.0.0",
        "pouchdb-errors": "7.0.0",
        "pouchdb-fetch": "7.0.0",
        "pouchdb-mapreduce-utils": "7.0.0",
        "pouchdb-md5": "7.0.0",
        "pouchdb-utils": "7.0.0"
      }
    },
    "pouchdb-adapter-asyncstorage": {
      "version": "7.0.0-beta-1",
      "resolved": "https://registry.npmjs.org/pouchdb-adapter-asyncstorage/-/pouchdb-adapter-asyncstorage-7.0.0-beta-1.tgz",
      "integrity": "sha512-7iRYBe8vOU96czoROZ7TwjoGlP4YGHdU9LbjIQ99eVVlsLZKvO4LEIXCcuZQAGAN+fXWX7tw3pS73J57+48GEg==",
      "requires": {
        "atob": "2.1.1",
        "blob-polyfill": "3.0.20180112",
        "btoa": "1.2.1",
        "buffer": "5.2.0",
        "events": "3.0.0",
        "left-pad": "1.3.0",
        "pouchdb-adapter-utils": "7.0.0",
        "pouchdb-binary-utils": "7.0.0",
        "pouchdb-errors": "7.0.0",
        "pouchdb-json": "7.0.0",
        "pouchdb-merge": "7.0.0",
        "pouchdb-utils": "7.0.0",
        "spark-md5": "3.0.0"
      }
    },
    "pouchdb-adapter-http": {
      "version": "7.0.0",
      "resolved": "https://registry.npmjs.org/pouchdb-adapter-http/-/pouchdb-adapter-http-7.0.0.tgz",
      "integrity": "sha512-jlrl7/B2ubbcBZbiMrT2DJolDNKW/SAZgxH5GzJLyUfjKxDMyky2gdMtG0b6qGdz323jS4EUUXtz2J8Bb+46NQ==",
      "requires": {
        "argsarray": "0.0.1",
        "pouchdb-binary-utils": "7.0.0",
        "pouchdb-errors": "7.0.0",
        "pouchdb-fetch": "7.0.0",
        "pouchdb-utils": "7.0.0"
      }
    },
    "pouchdb-adapter-utils": {
      "version": "7.0.0",
      "resolved": "https://registry.npmjs.org/pouchdb-adapter-utils/-/pouchdb-adapter-utils-7.0.0.tgz",
      "integrity": "sha512-UWKPC6jkz6mHUzZefrU7P5X8ZGvBC8LSNZ7BIp0hWvJE6c20cnpDwedTVDpZORcCbVJpDmFOHBYnOqEIblPtbA==",
      "requires": {
        "pouchdb-binary-utils": "7.0.0",
        "pouchdb-collections": "7.0.0",
        "pouchdb-errors": "7.0.0",
        "pouchdb-md5": "7.0.0",
        "pouchdb-merge": "7.0.0",
        "pouchdb-utils": "7.0.0"
      }
    },
    "pouchdb-binary-utils": {
      "version": "7.0.0",
      "resolved": "https://registry.npmjs.org/pouchdb-binary-utils/-/pouchdb-binary-utils-7.0.0.tgz",
      "integrity": "sha512-yUktdOPIPvOVouCjJN3uop+bCcpdPwePrLm9eUAZNgEYnUFu0njdx7Q0WRsZ7UJ6l75HinL5ZHk4bnvEt86FLw==",
      "requires": {
        "buffer-from": "1.1.0"
      }
    },
    "pouchdb-changes-filter": {
      "version": "7.0.0",
      "resolved": "https://registry.npmjs.org/pouchdb-changes-filter/-/pouchdb-changes-filter-7.0.0.tgz",
      "integrity": "sha512-b7T+lA50VzaxleccpmhNJLdFiGiYKmcIP3hVg+74xQO7vqJ+GEp8nanKX/UBs1Hr3TxUrCT/4JXTxVNkgUxO0A==",
      "requires": {
        "pouchdb-errors": "7.0.0",
        "pouchdb-selector-core": "7.0.0",
        "pouchdb-utils": "7.0.0"
      }
    },
    "pouchdb-checkpointer": {
      "version": "7.0.0",
      "resolved": "https://registry.npmjs.org/pouchdb-checkpointer/-/pouchdb-checkpointer-7.0.0.tgz",
      "integrity": "sha512-XwSTOpOBGHlivBdnSMCRIhO7VFw16m/oMfFJaZqKHVA4P6KKWnwwmgLFkec8DqC+OqQumxol55TCdhvfvv9asA==",
      "requires": {
        "pouchdb-collate": "7.0.0",
        "pouchdb-utils": "7.0.0"
      }
    },
    "pouchdb-collate": {
      "version": "7.0.0",
      "resolved": "https://registry.npmjs.org/pouchdb-collate/-/pouchdb-collate-7.0.0.tgz",
      "integrity": "sha512-0O67rnNGVD9OUbDx+6DLPcE3zz7w6gieNCvrbvaI5ibIXuLpyMyLjD6OdRe/19LbstEfZaOp+SYUhQs+TP8Plg=="
    },
    "pouchdb-collections": {
      "version": "7.0.0",
      "resolved": "https://registry.npmjs.org/pouchdb-collections/-/pouchdb-collections-7.0.0.tgz",
      "integrity": "sha512-DaoUr/vU24Q3gM6ghj0va9j/oBanPwkbhkvnqSyC3Dm5dgf5pculNxueLF9PKMo3ycApoWzHMh6N2N8KJbDU2Q=="
    },
    "pouchdb-core": {
      "version": "7.0.0",
      "resolved": "https://registry.npmjs.org/pouchdb-core/-/pouchdb-core-7.0.0.tgz",
      "integrity": "sha512-hhTyGCEqWiUCt3ciCVzJXmFDpcKxdHYKDsySTg2rgTVMipPuqXRgsmGRKkXV6CHKasqvvJ/3JPe0bEWj+5YzhA==",
      "requires": {
        "argsarray": "0.0.1",
        "inherits": "2.0.3",
        "pouchdb-changes-filter": "7.0.0",
        "pouchdb-collections": "7.0.0",
        "pouchdb-errors": "7.0.0",
        "pouchdb-fetch": "7.0.0",
        "pouchdb-merge": "7.0.0",
        "pouchdb-utils": "7.0.0"
      }
    },
    "pouchdb-errors": {
      "version": "7.0.0",
      "resolved": "https://registry.npmjs.org/pouchdb-errors/-/pouchdb-errors-7.0.0.tgz",
      "integrity": "sha512-dTusY8nnTw4HIztCrNl7AoGgwvS1bVf/3/97hDaGc4ytn72V9/4dK8kTqlimi3UpaurohYRnqac0SGXYP8vgXA==",
      "requires": {
        "inherits": "2.0.3"
      }
    },
    "pouchdb-fetch": {
      "version": "7.0.0",
      "resolved": "https://registry.npmjs.org/pouchdb-fetch/-/pouchdb-fetch-7.0.0.tgz",
      "integrity": "sha512-9XGEogHQcYZCJp2PvLE7oDgGzIsBy4Vh28EhDS26iJFwtDVpHYm7fIzJ//SDGcUNjnlR9WKTegFLg9p7jYIQWQ==",
      "requires": {
        "fetch-cookie": "0.7.0",
        "node-fetch": "^2.0.0"
      }
    },
    "pouchdb-generate-replication-id": {
      "version": "7.0.0",
      "resolved": "https://registry.npmjs.org/pouchdb-generate-replication-id/-/pouchdb-generate-replication-id-7.0.0.tgz",
      "integrity": "sha512-7RfHZTWL1xPg4n78c8hVRoGvD7yexdlI7StQl8PmV5gY3B/AVuehZDtKCSAKvMx/u2z+tMt8Hy2xDTWakUNTig==",
      "requires": {
        "pouchdb-collate": "7.0.0",
        "pouchdb-md5": "7.0.0"
      }
    },
    "pouchdb-json": {
      "version": "7.0.0",
      "resolved": "https://registry.npmjs.org/pouchdb-json/-/pouchdb-json-7.0.0.tgz",
      "integrity": "sha512-w0bNRu/7VmmCrFWMYAm62n30wvJJUT2SokyzeTyj3hRohj4GFwTRg1mSZ+iAmxgRKOFE8nzZstLG/WAB4Ymjew==",
      "requires": {
        "vuvuzela": "1.0.3"
      }
    },
    "pouchdb-mapreduce": {
      "version": "7.0.0",
      "resolved": "https://registry.npmjs.org/pouchdb-mapreduce/-/pouchdb-mapreduce-7.0.0.tgz",
      "integrity": "sha512-LrFkiUL266pMjWZCfBY+FmFVw7zhmjcKJbQz9kEQtQm7CV8waKhf+3Vjgw6rT6o0XOpwy6XvCOrZ0gVuRzS77A==",
      "requires": {
        "pouchdb-abstract-mapreduce": "7.0.0",
        "pouchdb-mapreduce-utils": "7.0.0",
        "pouchdb-utils": "7.0.0"
      }
    },
    "pouchdb-mapreduce-utils": {
      "version": "7.0.0",
      "resolved": "https://registry.npmjs.org/pouchdb-mapreduce-utils/-/pouchdb-mapreduce-utils-7.0.0.tgz",
      "integrity": "sha512-kj74SpirbQAC7BSlBpPO42RBbUw8XmxbkLCnHyL7CVktyEn24VHbCoirutUI2mRPii7MAVHtleGKXRijR5QIpw==",
      "requires": {
        "argsarray": "0.0.1",
        "inherits": "2.0.3",
        "pouchdb-collections": "7.0.0",
        "pouchdb-utils": "7.0.0"
      }
    },
    "pouchdb-md5": {
      "version": "7.0.0",
      "resolved": "https://registry.npmjs.org/pouchdb-md5/-/pouchdb-md5-7.0.0.tgz",
      "integrity": "sha512-yaSJKhLA3QlgloKUQeb2hLdT3KmUmPfoYdryfwHZuPTpXIRKTnMQTR9qCIRUszc0ruBpDe53DRslCgNUhAyTNQ==",
      "requires": {
        "pouchdb-binary-utils": "7.0.0",
        "spark-md5": "3.0.0"
      }
    },
    "pouchdb-merge": {
      "version": "7.0.0",
      "resolved": "https://registry.npmjs.org/pouchdb-merge/-/pouchdb-merge-7.0.0.tgz",
      "integrity": "sha512-tci5u6NpznQhGcPv4ho1h0miky9rs+ds/T9zQ9meQeDZbUojXNaX1Jxsb0uYEQQ+HMqdcQs3Akdl0/u0mgwPGg=="
    },
    "pouchdb-replication": {
      "version": "7.0.0",
      "resolved": "https://registry.npmjs.org/pouchdb-replication/-/pouchdb-replication-7.0.0.tgz",
      "integrity": "sha512-DHeP/8w1Q00yJJKfsXTipv3BPB0UhqZjCPTWvatrtfbtUX6v7MM4RXoq1UefvGbEHrThn3uoVL/MErdR5hvC/g==",
      "requires": {
        "inherits": "2.0.3",
        "pouchdb-checkpointer": "7.0.0",
        "pouchdb-errors": "7.0.0",
        "pouchdb-generate-replication-id": "7.0.0",
        "pouchdb-utils": "7.0.0"
      }
    },
    "pouchdb-selector-core": {
      "version": "7.0.0",
      "resolved": "https://registry.npmjs.org/pouchdb-selector-core/-/pouchdb-selector-core-7.0.0.tgz",
      "integrity": "sha512-8Lpa8S7TCRGUEy3aEMd+Zy85IU4KwCVNf3TT+HJ8XAKICtmgArPrQGimIXFOHoyjRSpCXtByzEriP8CBCUjp7g==",
      "requires": {
        "pouchdb-collate": "7.0.0",
        "pouchdb-utils": "7.0.0"
      }
    },
    "pouchdb-utils": {
      "version": "7.0.0",
      "resolved": "https://registry.npmjs.org/pouchdb-utils/-/pouchdb-utils-7.0.0.tgz",
      "integrity": "sha512-1bnoX1KdZYHv9wicDIFdO0PLiVIMzNDUBUZ/yOJZ+6LW6niQCB8aCv09ZztmKfSQcU5nnN3fe656tScBgP6dOQ==",
      "requires": {
        "argsarray": "0.0.1",
        "clone-buffer": "1.0.0",
        "immediate": "3.0.6",
        "inherits": "2.0.3",
        "pouchdb-collections": "7.0.0",
        "pouchdb-errors": "7.0.0",
        "pouchdb-md5": "7.0.0",
        "uuid": "3.2.1"
      }
    },
    "psl": {
      "version": "1.1.29",
      "resolved": "https://registry.npmjs.org/psl/-/psl-1.1.29.tgz",
      "integrity": "sha512-AeUmQ0oLN02flVHXWh9sSJF7mcdFq0ppid/JkErufc3hGIV/AMa8Fo9VgDo/cT2jFdOWoFvHp90qqBH54W+gjQ=="
    },
    "punycode": {
      "version": "1.4.1",
      "resolved": "https://registry.npmjs.org/punycode/-/punycode-1.4.1.tgz",
      "integrity": "sha1-wNWmOycYgArY4esPpSachN1BhF4="
    },
    "spark-md5": {
      "version": "3.0.0",
      "resolved": "https://registry.npmjs.org/spark-md5/-/spark-md5-3.0.0.tgz",
      "integrity": "sha1-NyIifFTi+vJLHcbZM8wUTm9xv+8="
    },
    "tough-cookie": {
      "version": "2.4.3",
      "resolved": "https://registry.npmjs.org/tough-cookie/-/tough-cookie-2.4.3.tgz",
      "integrity": "sha512-Q5srk/4vDM54WJsJio3XNn6K2sCG+CQ8G5Wz6bZhRZoAe/+TxjWB/GlFAnYEbkYVlON9FMk/fE3h2RLpPXo4lQ==",
      "requires": {
        "psl": "^1.1.24",
        "punycode": "^1.4.1"
      }
    },
    "uuid": {
      "version": "3.2.1",
      "resolved": "https://registry.npmjs.org/uuid/-/uuid-3.2.1.tgz",
      "integrity": "sha512-jZnMwlb9Iku/O3smGWvZhauCf6cvvpKi4BKRiliS3cxnI+Gz9j5MEpTz2UFuXiKPJocb7gnsLHwiS05ige5BEA=="
    },
    "vuvuzela": {
      "version": "1.0.3",
      "resolved": "https://registry.npmjs.org/vuvuzela/-/vuvuzela-1.0.3.tgz",
      "integrity": "sha1-O+FF5YJxxzylUnndhR8SpoIRSws="
    }
  }
}
