{
  "name": "pouchdb-fetch-react-native",
  "version": "6.2.4",
  "lockfileVersion": 1,
  "requires": true,
  "dependencies": {
    "argsarray": {
      "version": "0.0.1",
      "resolved": "https://registry.npmjs.org/argsarray/-/argsarray-0.0.1.tgz",
      "integrity": "sha1-bnIHtOzbObCviDA/pa4ivajfYcs="
    },
    "clone-buffer": {
      "version": "1.0.0",
      "resolved": "https://registry.npmjs.org/clone-buffer/-/clone-buffer-1.0.0.tgz",
      "integrity": "sha1-4+JbIHrE5wGvch4staFnksrD3Fg="
    },
    "immediate": {
      "version": "3.0.6",
      "resolved": "https://registry.npmjs.org/immediate/-/immediate-3.0.6.tgz",
      "integrity": "sha1-nbHb0Pr43m++D13V5Wu2BigN5ps="
    },
    "inherits": {
      "version": "2.0.3",
      "resolved": "https://registry.npmjs.org/inherits/-/inherits-2.0.3.tgz",
      "integrity": "sha1-Yzwsg+PaQqUC9SRmAiSA9CCCYd4="
    },
    "lie": {
      "version": "3.1.1",
      "resolved": "https://registry.npmjs.org/lie/-/lie-3.1.1.tgz",
      "integrity": "sha1-mkNrLMd0bKWd56QfpGmz77dr2H4=",
      "requires": {
        "immediate": "3.0.6"
      }
    },
    "pouchdb-collections": {
      "version": "6.2.0",
      "resolved": "https://registry.npmjs.org/pouchdb-collections/-/pouchdb-collections-6.2.0.tgz",
      "integrity": "sha1-9TJgGHDL0ym6DGAFvN0wESaCW+I="
    },
    "pouchdb-errors": {
      "version": "6.2.0",
      "resolved": "https://registry.npmjs.org/pouchdb-errors/-/pouchdb-errors-6.2.0.tgz",
      "integrity": "sha1-XMvvryuS6RjV2QtaW3eTdkZLWQc=",
      "requires": {
        "inherits": "2.0.3"
      }
    },
    "pouchdb-promise": {
      "version": "6.2.0",
      "resolved": "https://registry.npmjs.org/pouchdb-promise/-/pouchdb-promise-6.2.0.tgz",
      "integrity": "sha1-Hk/OwKoGeN9YPmp7S5lroBCmCP4=",
      "requires": {
        "lie": "3.1.1"
      }
    },
    "pouchdb-utils": {
      "version": "6.2.0",
      "resolved": "https://registry.npmjs.org/pouchdb-utils/-/pouchdb-utils-6.2.0.tgz",
      "integrity": "sha1-zY1CB6NOR4tJryAf8MUepzMkQGE=",
      "requires": {
        "argsarray": "0.0.1",
        "clone-buffer": "1.0.0",
        "immediate": "3.0.6",
        "inherits": "2.0.3",
        "pouchdb-collections": "6.2.0",
        "pouchdb-errors": "6.2.0",
        "pouchdb-promise": "6.2.0"
      }
    }
  }
}
